{
  "version": 4,
  "terraform_version": "0.15.3",
  "serial": 71,
  "lineage": "97721ab3-f6a4-eae5-f5ed-7ddf3d97f8eb",
  "outputs": {
    "bastion_ip": {
      "value": "13.232.209.78",
      "type": "string"
    },
    "cluster_endpoint": {
      "value": "https://204B14EB56E80EFA24ED573B76F0D54B.sk1.ap-south-1.eks.amazonaws.com",
      "type": "string"
    },
    "cluster_id": {
      "value": "tfone",
      "type": "string"
    },
    "cluster_name": {
      "value": "tfone",
      "type": "string"
    },
    "cluster_security_group_id": {
      "value": "sg-0c7fc29b70b669dd7",
      "type": "string"
    },
    "config_map_aws_auth": {
      "value": [
        {
          "binary_data": {},
          "data": {
            "mapAccounts": "[]\n",
            "mapRoles": "- \"groups\":\n  - \"system:bootstrappers\"\n  - \"system:nodes\"\n  \"rolearn\": \"arn:aws:iam::433581887735:role/tfone2021051609122705180000000c\"\n  \"username\": \"system:node:{{EC2PrivateDNSName}}\"\n",
            "mapUsers": "[]\n"
          },
          "id": "kube-system/aws-auth",
          "metadata": [
            {
              "annotations": {},
              "generate_name": "",
              "generation": 0,
              "labels": {
                "app.kubernetes.io/managed-by": "Terraform",
                "terraform.io/module": "terraform-aws-modules.eks.aws"
              },
              "name": "aws-auth",
              "namespace": "kube-system",
              "resource_version": "979",
              "self_link": "",
              "uid": "6005395f-565b-4750-9282-111dfb68a91d"
            }
          ]
        }
      ],
      "type": [
        "tuple",
        [
          [
            "object",
            {
              "binary_data": [
                "map",
                "string"
              ],
              "data": [
                "map",
                "string"
              ],
              "id": "string",
              "metadata": [
                "list",
                [
                  "object",
                  {
                    "annotations": [
                      "map",
                      "string"
                    ],
                    "generate_name": "string",
                    "generation": "number",
                    "labels": [
                      "map",
                      "string"
                    ],
                    "name": "string",
                    "namespace": "string",
                    "resource_version": "string",
                    "self_link": "string",
                    "uid": "string"
                  }
                ]
              ]
            }
          ]
        ]
      ]
    },
    "kubectl_config": {
      "value": "apiVersion: v1\npreferences: {}\nkind: Config\n\nclusters:\n- cluster:\n    server: https://204B14EB56E80EFA24ED573B76F0D54B.sk1.ap-south-1.eks.amazonaws.com\n    certificate-authority-data: LS0tLS1CRUdJTiBDRVJUSUZJQ0FURS0tLS0tCk1JSUN5RENDQWJDZ0F3SUJBZ0lCQURBTkJna3Foa2lHOXcwQkFRc0ZBREFWTVJNd0VRWURWUVFERXdwcmRXSmwKY201bGRHVnpNQjRYRFRJeE1EVXhOakE1TURreU5Wb1hEVE14TURVeE5EQTVNRGt5TlZvd0ZURVRNQkVHQTFVRQpBeE1LYTNWaVpYSnVaWFJsY3pDQ0FTSXdEUVlKS29aSWh2Y05BUUVCQlFBRGdnRVBBRENDQVFvQ2dnRUJBTSt1CnM5YmV3U1VVMXZId3pEaVY2V05LY21ZR0RmVGRVNnZsbjQzQkIwM2s0dEFpdG5IZ3h1b0cvUjdzSEdNKzd5dTUKczR0OHZWcGoyVlQ1bmRub3hOVGhvN2pBL2djZXUxRWprOGMvTTF5Q0Rud3FqQksvNkRzd0x4d2hMZDFsR04xRwpxSTZkOGg5SzlqUHNublNuMGtMNW5NT0p5SEpqaHRrR1RUeDFna0pRbktQZDd5T3FCTHVHejVwYjYyK2FZc2NVCnBMdmlVcHhiKzd3NFJiS1V4NnNrNXJHK1VhaE02ejIrZWhoNDZLK2lPM1ZKRG55ZzYxWFFDc0hRVFlaOEZQL0wKb1BQRWczaW5UN0lIZFRIeXM2eWFnSThCMWtiVXUzWmkvYW5pclNzOXJES0Ftd1lQZDBwSFRiOTRFRTFHcW1QRApYeWhsdGlZZXhIeGQ5VVdPZjlrQ0F3RUFBYU1qTUNFd0RnWURWUjBQQVFIL0JBUURBZ0trTUE4R0ExVWRFd0VCCi93UUZNQU1CQWY4d0RRWUpLb1pJaHZjTkFRRUxCUUFEZ2dFQkFJY1YxMzk1Mlgvb2o1dWN6SEFsSVVTMElacWQKQit0bkRNQTkrV3hvOGl0Ni9ENkdKSGdjMFBuYWtVTEVvVHkvaWttcFZXWEUrVHNscmVlOHl1QnU0TUJOQ1FFOApIV05aTGF5WURPTDM2bit2V2tvcFUvWGYrc3c1TGs5YjYwenlnZllIRE44Nng3ZVF6TDkrQ0ZkMlBtcU5uQ1EwCjJDY1Jna3MvVjkzZmhMOEtacWdjOE5GUURjZlRLTWRPT1ZIZitzNFhYWmlnN0JuN2dUMzJWT2czYWV3akxzSG8KbW9GUUJGRlJPNll5TFhHcEtOaHg4TUx4d0txOHlkbm9iYXBHNkVxdlpsbGV0WmFMQmZnd1NvNGxGVEhFbk0weAo2Y1NBc3g3dnpsNkVxVTdJaEh6NG9YbU1Ua2l4WUpiYWVQcGxsNEcyRnBmclE1TktXOUt4bnF1YWdHND0KLS0tLS1FTkQgQ0VSVElGSUNBVEUtLS0tLQo=\n  name: eks_tfone\n\ncontexts:\n- context:\n    cluster: eks_tfone\n    user: eks_tfone\n  name: eks_tfone\n\ncurrent-context: eks_tfone\n\nusers:\n- name: eks_tfone\n  user:\n    exec:\n      apiVersion: client.authentication.k8s.io/v1alpha1\n      command: aws-iam-authenticator\n      args:\n        - \"token\"\n        - \"-i\"\n        - \"tfone\"\n",
      "type": "string"
    },
    "region": {
      "value": "ap-south-1",
      "type": "string"
    }
  },
  "resources": [
    {
      "mode": "data",
      "type": "aws_ami",
      "name": "ubuntu",
      "provider": "provider[\"registry.terraform.io/hashicorp/aws\"]",
      "instances": [
        {
          "schema_version": 0,
          "attributes": {
            "architecture": "x86_64",
            "arn": "arn:aws:ec2:ap-south-1::image/ami-0860c9429baba6ad2",
            "block_device_mappings": [
              {
                "device_name": "/dev/sda1",
                "ebs": {
                  "delete_on_termination": "true",
                  "encrypted": "false",
                  "iops": "0",
                  "snapshot_id": "snap-09f7ee2a850550e72",
                  "throughput": "0",
                  "volume_size": "8",
                  "volume_type": "gp2"
                },
                "no_device": "",
                "virtual_name": ""
              },
              {
                "device_name": "/dev/sdb",
                "ebs": {},
                "no_device": "",
                "virtual_name": "ephemeral0"
              },
              {
                "device_name": "/dev/sdc",
                "ebs": {},
                "no_device": "",
                "virtual_name": "ephemeral1"
              }
            ],
            "creation_date": "2021-04-29T05:50:41.000Z",
            "description": "Canonical, Ubuntu, 16.04 LTS, amd64 xenial image build on 2021-04-29",
            "ena_support": true,
            "executable_users": null,
            "filter": [
              {
                "name": "name",
                "values": [
                  "ubuntu/images/hvm-ssd/ubuntu-xenial-16.04-amd64-server-*"
                ]
              },
              {
                "name": "virtualization-type",
                "values": [
                  "hvm"
                ]
              }
            ],
            "hypervisor": "xen",
            "id": "ami-0860c9429baba6ad2",
            "image_id": "ami-0860c9429baba6ad2",
            "image_location": "099720109477/ubuntu/images/hvm-ssd/ubuntu-xenial-16.04-amd64-server-20210429",
            "image_owner_alias": null,
            "image_type": "machine",
            "kernel_id": null,
            "most_recent": true,
            "name": "ubuntu/images/hvm-ssd/ubuntu-xenial-16.04-amd64-server-20210429",
            "name_regex": null,
            "owner_id": "099720109477",
            "owners": [
              "099720109477"
            ],
            "platform": null,
            "platform_details": "Linux/UNIX",
            "product_codes": [],
            "public": true,
            "ramdisk_id": null,
            "root_device_name": "/dev/sda1",
            "root_device_type": "ebs",
            "root_snapshot_id": "snap-09f7ee2a850550e72",
            "sriov_net_support": "simple",
            "state": "available",
            "state_reason": {
              "code": "UNSET",
              "message": "UNSET"
            },
            "tags": {},
            "usage_operation": "RunInstances",
            "virtualization_type": "hvm"
          },
          "sensitive_attributes": []
        }
      ]
    },
    {
      "mode": "data",
      "type": "aws_availability_zones",
      "name": "available",
      "provider": "provider[\"registry.terraform.io/hashicorp/aws\"]",
      "instances": [
        {
          "schema_version": 0,
          "attributes": {
            "all_availability_zones": null,
            "exclude_names": null,
            "exclude_zone_ids": null,
            "filter": null,
            "group_names": [
              "ap-south-1"
            ],
            "id": "ap-south-1",
            "names": [
              "ap-south-1a",
              "ap-south-1b",
              "ap-south-1c"
            ],
            "state": null,
            "zone_ids": [
              "aps1-az1",
              "aps1-az3",
              "aps1-az2"
            ]
          },
          "sensitive_attributes": []
        }
      ]
    },
    {
      "mode": "data",
      "type": "aws_eks_cluster",
      "name": "cluster",
      "provider": "provider[\"registry.terraform.io/hashicorp/aws\"]",
      "instances": [
        {
          "schema_version": 0,
          "attributes": {
            "arn": "arn:aws:eks:ap-south-1:433581887735:cluster/tfone",
            "certificate_authority": [
              {
                "data": "LS0tLS1CRUdJTiBDRVJUSUZJQ0FURS0tLS0tCk1JSUN5RENDQWJDZ0F3SUJBZ0lCQURBTkJna3Foa2lHOXcwQkFRc0ZBREFWTVJNd0VRWURWUVFERXdwcmRXSmwKY201bGRHVnpNQjRYRFRJeE1EVXhOakE1TURreU5Wb1hEVE14TURVeE5EQTVNRGt5TlZvd0ZURVRNQkVHQTFVRQpBeE1LYTNWaVpYSnVaWFJsY3pDQ0FTSXdEUVlKS29aSWh2Y05BUUVCQlFBRGdnRVBBRENDQVFvQ2dnRUJBTSt1CnM5YmV3U1VVMXZId3pEaVY2V05LY21ZR0RmVGRVNnZsbjQzQkIwM2s0dEFpdG5IZ3h1b0cvUjdzSEdNKzd5dTUKczR0OHZWcGoyVlQ1bmRub3hOVGhvN2pBL2djZXUxRWprOGMvTTF5Q0Rud3FqQksvNkRzd0x4d2hMZDFsR04xRwpxSTZkOGg5SzlqUHNublNuMGtMNW5NT0p5SEpqaHRrR1RUeDFna0pRbktQZDd5T3FCTHVHejVwYjYyK2FZc2NVCnBMdmlVcHhiKzd3NFJiS1V4NnNrNXJHK1VhaE02ejIrZWhoNDZLK2lPM1ZKRG55ZzYxWFFDc0hRVFlaOEZQL0wKb1BQRWczaW5UN0lIZFRIeXM2eWFnSThCMWtiVXUzWmkvYW5pclNzOXJES0Ftd1lQZDBwSFRiOTRFRTFHcW1QRApYeWhsdGlZZXhIeGQ5VVdPZjlrQ0F3RUFBYU1qTUNFd0RnWURWUjBQQVFIL0JBUURBZ0trTUE4R0ExVWRFd0VCCi93UUZNQU1CQWY4d0RRWUpLb1pJaHZjTkFRRUxCUUFEZ2dFQkFJY1YxMzk1Mlgvb2o1dWN6SEFsSVVTMElacWQKQit0bkRNQTkrV3hvOGl0Ni9ENkdKSGdjMFBuYWtVTEVvVHkvaWttcFZXWEUrVHNscmVlOHl1QnU0TUJOQ1FFOApIV05aTGF5WURPTDM2bit2V2tvcFUvWGYrc3c1TGs5YjYwenlnZllIRE44Nng3ZVF6TDkrQ0ZkMlBtcU5uQ1EwCjJDY1Jna3MvVjkzZmhMOEtacWdjOE5GUURjZlRLTWRPT1ZIZitzNFhYWmlnN0JuN2dUMzJWT2czYWV3akxzSG8KbW9GUUJGRlJPNll5TFhHcEtOaHg4TUx4d0txOHlkbm9iYXBHNkVxdlpsbGV0WmFMQmZnd1NvNGxGVEhFbk0weAo2Y1NBc3g3dnpsNkVxVTdJaEh6NG9YbU1Ua2l4WUpiYWVQcGxsNEcyRnBmclE1TktXOUt4bnF1YWdHND0KLS0tLS1FTkQgQ0VSVElGSUNBVEUtLS0tLQo="
              }
            ],
            "created_at": "2021-05-16 09:03:55.85 +0000 UTC",
            "enabled_cluster_log_types": [],
            "endpoint": "https://204B14EB56E80EFA24ED573B76F0D54B.sk1.ap-south-1.eks.amazonaws.com",
            "id": "tfone",
            "identity": [
              {
                "oidc": [
                  {
                    "issuer": "https://oidc.eks.ap-south-1.amazonaws.com/id/204B14EB56E80EFA24ED573B76F0D54B"
                  }
                ]
              }
            ],
            "kubernetes_network_config": [
              {
                "service_ipv4_cidr": "172.20.0.0/16"
              }
            ],
            "name": "tfone",
            "platform_version": "eks.6",
            "role_arn": "arn:aws:iam::433581887735:role/tfone20210516090331106500000001",
            "status": "ACTIVE",
            "tags": {
              "Managed By": "Terraform",
              "environment": "dev",
              "project": "terraform"
            },
            "version": "1.18",
            "vpc_config": [
              {
                "cluster_security_group_id": "sg-01e5bf96eafed6745",
                "endpoint_private_access": false,
                "endpoint_public_access": true,
                "public_access_cidrs": [
                  "0.0.0.0/0"
                ],
                "security_group_ids": [
                  "sg-0c7fc29b70b669dd7"
                ],
                "subnet_ids": [
                  "subnet-0090b6f567f7cf6cf",
                  "subnet-03b54de23e16a0495",
                  "subnet-0efa1a8862fa1fd4f"
                ],
                "vpc_id": "vpc-0359617ca21416380"
              }
            ]
          },
          "sensitive_attributes": []
        }
      ]
    },
    {
      "mode": "data",
      "type": "aws_eks_cluster_auth",
      "name": "cluster",
      "provider": "provider[\"registry.terraform.io/hashicorp/aws\"]",
      "instances": [
        {
          "schema_version": 0,
          "attributes": {
            "id": "tfone",
            "name": "tfone",
            "token": "k8s-aws-v1.aHR0cHM6Ly9zdHMuYW1hem9uYXdzLmNvbS8_QWN0aW9uPUdldENhbGxlcklkZW50aXR5JlZlcnNpb249MjAxMS0wNi0xNSZYLUFtei1BbGdvcml0aG09QVdTNC1ITUFDLVNIQTI1NiZYLUFtei1DcmVkZW50aWFsPUFLSUFXSjQzNlNEM1NKSktQMzdXJTJGMjAyMTA1MTYlMkZ1cy1lYXN0LTElMkZzdHMlMkZhd3M0X3JlcXVlc3QmWC1BbXotRGF0ZT0yMDIxMDUxNlQxMzA2MTVaJlgtQW16LUV4cGlyZXM9MCZYLUFtei1TaWduZWRIZWFkZXJzPWhvc3QlM0J4LWs4cy1hd3MtaWQmWC1BbXotU2lnbmF0dXJlPWM2ZjQwNzhmMGJjYTRlYTNiMDRhOTI3NWQ4MjZkODc2ZGU2Y2FiZWJkMWNmYWJmMWVlOTYxYjAyMzI1ODk4YmI"
          },
          "sensitive_attributes": []
        }
      ]
    },
    {
      "mode": "data",
      "type": "aws_subnet_ids",
      "name": "public",
      "provider": "provider[\"registry.terraform.io/hashicorp/aws\"]",
      "instances": [
        {
          "schema_version": 0,
          "attributes": {
            "filter": [
              {
                "name": "tag:Name",
                "values": [
                  "education-vpc-public-*"
                ]
              }
            ],
            "id": "vpc-0359617ca21416380",
            "ids": [
              "subnet-01a89886e34e837a7",
              "subnet-03c5db220cb6b396f",
              "subnet-06ed8ede551cb13b5"
            ],
            "tags": null,
            "vpc_id": "vpc-0359617ca21416380"
          },
          "sensitive_attributes": []
        }
      ]
    },
    {
      "mode": "managed",
      "type": "aws_instance",
      "name": "bastion",
      "provider": "provider[\"registry.terraform.io/hashicorp/aws\"]",
      "instances": [
        {
          "schema_version": 1,
          "attributes": {
            "ami": "ami-0860c9429baba6ad2",
            "arn": "arn:aws:ec2:ap-south-1:433581887735:instance/i-0038402e780e59f58",
            "associate_public_ip_address": true,
            "availability_zone": "ap-south-1b",
            "cpu_core_count": 1,
            "cpu_threads_per_core": 1,
            "credit_specification": [
              {
                "cpu_credits": "standard"
              }
            ],
            "disable_api_termination": false,
            "ebs_block_device": [],
            "ebs_optimized": false,
            "enclave_options": [
              {
                "enabled": false
              }
            ],
            "ephemeral_block_device": [],
            "get_password_data": false,
            "hibernation": false,
            "host_id": null,
            "iam_instance_profile": "",
            "id": "i-0038402e780e59f58",
            "instance_initiated_shutdown_behavior": "stop",
            "instance_state": "running",
            "instance_type": "t2.small",
            "ipv6_address_count": 0,
            "ipv6_addresses": [],
            "key_name": "dev-terraform-key-pair",
            "metadata_options": [
              {
                "http_endpoint": "enabled",
                "http_put_response_hop_limit": 1,
                "http_tokens": "optional"
              }
            ],
            "monitoring": false,
            "network_interface": [],
            "outpost_arn": "",
            "password_data": "",
            "placement_group": "",
            "primary_network_interface_id": "eni-0d5df03b7a6cf8259",
            "private_dns": "ip-10-0-5-39.ap-south-1.compute.internal",
            "private_ip": "10.0.5.39",
            "public_dns": "ec2-13-232-209-78.ap-south-1.compute.amazonaws.com",
            "public_ip": "13.232.209.78",
            "root_block_device": [
              {
                "delete_on_termination": true,
                "device_name": "/dev/sda1",
                "encrypted": false,
                "iops": 100,
                "kms_key_id": "",
                "tags": {},
                "throughput": 0,
                "volume_id": "vol-0afea5b44a02f598a",
                "volume_size": 8,
                "volume_type": "gp2"
              }
            ],
            "secondary_private_ips": [],
            "security_groups": [],
            "source_dest_check": true,
            "subnet_id": "subnet-03c5db220cb6b396f",
            "tags": {
              "Managed By": "Terraform",
              "environment": "dev",
              "project": "terraform"
            },
            "tags_all": {
              "Managed By": "Terraform",
              "environment": "dev",
              "project": "terraform"
            },
            "tenancy": "default",
            "timeouts": null,
            "user_data": null,
            "user_data_base64": null,
            "volume_tags": null,
            "vpc_security_group_ids": [
              "sg-0135304c9684710fd"
            ]
          },
          "sensitive_attributes": [],
          "private": "eyJlMmJmYjczMC1lY2FhLTExZTYtOGY4OC0zNDM2M2JjN2M0YzAiOnsiY3JlYXRlIjo2MDAwMDAwMDAwMDAsImRlbGV0ZSI6MTIwMDAwMDAwMDAwMCwidXBkYXRlIjo2MDAwMDAwMDAwMDB9LCJzY2hlbWFfdmVyc2lvbiI6IjEifQ==",
          "dependencies": [
            "module.eks.aws_iam_role_policy_attachment.cluster_AmazonEKSServicePolicy",
            "module.eks.data.aws_ami.eks_worker",
            "module.eks.module.fargate.data.aws_iam_role.custom_fargate_iam_role",
            "module.eks.aws_autoscaling_group.workers_launch_template",
            "module.eks.aws_iam_role_policy_attachment.cluster_AmazonEKSVPCResourceControllerPolicy",
            "module.eks.aws_iam_role_policy_attachment.workers_AmazonEKSWorkerNodePolicy",
            "module.eks.module.node_groups.data.cloudinit_config.workers_userdata",
            "module.eks.null_resource.wait_for_cluster",
            "data.aws_eks_cluster_auth.cluster",
            "module.eks.aws_security_group_rule.workers_ingress_cluster_primary",
            "module.eks.module.fargate.data.aws_iam_policy_document.eks_fargate_pod_assume_role",
            "module.eks.aws_iam_openid_connect_provider.oidc_provider",
            "module.eks.aws_security_group_rule.cluster_private_access",
            "module.vpc.aws_vpc.this",
            "module.eks.aws_security_group_rule.cluster_https_worker_ingress",
            "module.eks.aws_security_group_rule.workers_ingress_cluster_kubelet",
            "module.eks.random_pet.workers",
            "module.eks.module.fargate.aws_iam_role.eks_fargate_pod",
            "module.eks.module.fargate.aws_iam_role_policy_attachment.eks_fargate_pod",
            "module.eks.module.node_groups.random_pet.node_groups",
            "module.eks.aws_autoscaling_group.workers",
            "module.eks.data.aws_partition.current",
            "module.eks.data.template_file.launch_template_userdata",
            "module.eks.aws_launch_configuration.workers",
            "module.vpc.aws_subnet.private",
            "module.eks.data.aws_iam_policy_document.cluster_elb_sl_role_creation",
            "module.eks.data.aws_iam_role.custom_cluster_iam_role",
            "module.eks.random_pet.workers_launch_template",
            "module.eks.aws_iam_role_policy_attachment.workers_additional_policies",
            "module.eks.aws_security_group_rule.cluster_egress_internet",
            "module.eks.aws_security_group_rule.workers_ingress_cluster",
            "module.eks.aws_eks_cluster.this",
            "module.eks.data.aws_iam_instance_profile.custom_worker_group_iam_instance_profile",
            "module.eks.aws_security_group_rule.workers_ingress_self",
            "module.eks.data.aws_iam_instance_profile.custom_worker_group_launch_template_iam_instance_profile",
            "module.eks.data.aws_iam_policy_document.cluster_assume_role_policy",
            "module.eks.kubernetes_config_map.aws_auth",
            "module.eks.module.fargate.aws_eks_fargate_profile.this",
            "data.aws_ami.ubuntu",
            "data.aws_subnet_ids.public",
            "module.eks.aws_iam_role.cluster",
            "module.eks.aws_iam_role.workers",
            "module.eks.aws_iam_role_policy_attachment.workers_AmazonEC2ContainerRegistryReadOnly",
            "module.eks.data.aws_caller_identity.current",
            "module.eks.aws_launch_template.workers_launch_template",
            "module.eks.aws_security_group_rule.cluster_primary_ingress_workers",
            "module.eks.data.aws_ami.eks_worker_windows",
            "module.eks.data.aws_iam_policy_document.workers_assume_role_policy",
            "module.eks.data.template_file.userdata",
            "module.eks.aws_iam_instance_profile.workers_launch_template",
            "module.eks.aws_iam_policy.cluster_elb_sl_role_creation",
            "module.eks.aws_iam_role_policy_attachment.cluster_elb_sl_role_creation",
            "module.eks.local_file.kubeconfig",
            "module.eks.aws_security_group.cluster",
            "module.eks.aws_security_group_rule.workers_egress_internet",
            "module.eks.aws_security_group_rule.workers_ingress_cluster_https",
            "aws_security_group.worker_group_mgmt_one",
            "data.aws_availability_zones.available",
            "module.eks.aws_iam_role_policy_attachment.cluster_AmazonEKSClusterPolicy",
            "module.eks.module.node_groups.aws_launch_template.workers",
            "module.vpc.aws_vpc_ipv4_cidr_block_association.this",
            "aws_key_pair.key-pair",
            "aws_security_group.ssh-allowed",
            "module.eks.aws_cloudwatch_log_group.this",
            "module.eks.module.node_groups.aws_eks_node_group.workers",
            "module.eks.aws_iam_role_policy_attachment.workers_AmazonEKS_CNI_Policy",
            "module.eks.aws_security_group.workers",
            "aws_security_group.worker_group_mgmt_two",
            "data.aws_eks_cluster.cluster",
            "module.eks.aws_iam_instance_profile.workers"
          ]
        }
      ]
    },
    {
      "mode": "managed",
      "type": "aws_key_pair",
      "name": "key-pair",
      "provider": "provider[\"registry.terraform.io/hashicorp/aws\"]",
      "instances": [
        {
          "schema_version": 1,
          "attributes": {
            "arn": "arn:aws:ec2:ap-south-1:433581887735:key-pair/dev-terraform-key-pair",
            "fingerprint": "f8:19:1e:6f:1c:8b:ff:12:27:c5:bc:b5:84:56:1e:e5",
            "id": "dev-terraform-key-pair",
            "key_name": "dev-terraform-key-pair",
            "key_name_prefix": null,
            "key_pair_id": "key-004c49939ed336ffb",
            "public_key": "ssh-rsa AAAAB3NzaC1yc2EAAAADAQABAAABgQDNrnO72U72kjjS40C5bOnq7Kjmwq0pguKX1tIxyDMR/XgzPpQO4Mi9yQQeIYU1ZkADkwSGEeO1MOCS2kSrm3zNXQTzuNQq6Fs6hcNhlV33/8w4iaNJ1eepAybYzmMt7wCbXEaiWqz8fhPBO6vl7vHydk4kWkcp00MX4+qT3kwyDEQDtH9mm2gaDQIDGqSkAzLWiwq/8oW1XT7Fq3H2JMtONgXPN5TU5ufBTTJffX76omlzcYceWAEmDZ6QcGE27ZNNaibWsid7727cbQpZz9XqwVw0KwpEjDDoN/PRP8cWWomsnLfbSCs7m0EonSlXpTECFAE/dsRRe+XIns4+6rCye/Ft6CIno8Bu6B19x3O3/ej29sf9pBYsP+dZT06MGpYSlRv92buIcB6c7gSlPu9naDNJluKA3RkpBV/idzT9FEAoj/3nLB9rG+DLRZeo6zRoq6ZezdmjLvOjHeBXj8QTpPRl5c0igR0b9johp8Fm0X3e+m3lInt2WnjKdMNJYrU= shinto@ZHLAPTOP-135",
            "tags": {
              "Managed By": "Terraform",
              "environment": "dev",
              "project": "terraform"
            },
            "tags_all": {
              "Managed By": "Terraform",
              "environment": "dev",
              "project": "terraform"
            }
          },
          "sensitive_attributes": [],
          "private": "eyJzY2hlbWFfdmVyc2lvbiI6IjEifQ=="
        }
      ]
    },
    {
      "mode": "managed",
      "type": "aws_security_group",
      "name": "all_worker_mgmt",
      "provider": "provider[\"registry.terraform.io/hashicorp/aws\"]",
      "instances": [
        {
          "schema_version": 1,
          "attributes": {
            "arn": "arn:aws:ec2:ap-south-1:433581887735:security-group/sg-0c7a6e7b07484f51e",
            "description": "Managed by Terraform",
            "egress": [],
            "id": "sg-0c7a6e7b07484f51e",
            "ingress": [
              {
                "cidr_blocks": [
                  "10.0.0.0/8",
                  "172.16.0.0/12",
                  "192.168.0.0/16"
                ],
                "description": "",
                "from_port": 22,
                "ipv6_cidr_blocks": [],
                "prefix_list_ids": [],
                "protocol": "tcp",
                "security_groups": [],
                "self": false,
                "to_port": 22
              }
            ],
            "name": "all_worker_management20210516090347245600000009",
            "name_prefix": "all_worker_management",
            "owner_id": "433581887735",
            "revoke_rules_on_delete": false,
            "tags": {
              "Managed By": "Terraform",
              "environment": "dev",
              "project": "terraform"
            },
            "tags_all": {
              "Managed By": "Terraform",
              "environment": "dev",
              "project": "terraform"
            },
            "timeouts": null,
            "vpc_id": "vpc-0359617ca21416380"
          },
          "sensitive_attributes": [],
          "private": "eyJlMmJmYjczMC1lY2FhLTExZTYtOGY4OC0zNDM2M2JjN2M0YzAiOnsiY3JlYXRlIjo2MDAwMDAwMDAwMDAsImRlbGV0ZSI6OTAwMDAwMDAwMDAwfSwic2NoZW1hX3ZlcnNpb24iOiIxIn0=",
          "dependencies": [
            "module.vpc.aws_vpc.this"
          ]
        }
      ]
    },
    {
      "mode": "managed",
      "type": "aws_security_group",
      "name": "ssh-allowed",
      "provider": "provider[\"registry.terraform.io/hashicorp/aws\"]",
      "instances": [
        {
          "schema_version": 1,
          "attributes": {
            "arn": "arn:aws:ec2:ap-south-1:433581887735:security-group/sg-0135304c9684710fd",
            "description": "Managed by Terraform",
            "egress": [
              {
                "cidr_blocks": [
                  "0.0.0.0/0"
                ],
                "description": "",
                "from_port": 0,
                "ipv6_cidr_blocks": [],
                "prefix_list_ids": [],
                "protocol": "-1",
                "security_groups": [],
                "self": false,
                "to_port": 0
              }
            ],
            "id": "sg-0135304c9684710fd",
            "ingress": [
              {
                "cidr_blocks": [
                  "103.70.197.152/32"
                ],
                "description": "",
                "from_port": 22,
                "ipv6_cidr_blocks": [],
                "prefix_list_ids": [],
                "protocol": "tcp",
                "security_groups": [],
                "self": false,
                "to_port": 22
              },
              {
                "cidr_blocks": [
                  "103.70.197.152/32"
                ],
                "description": "",
                "from_port": 80,
                "ipv6_cidr_blocks": [],
                "prefix_list_ids": [],
                "protocol": "tcp",
                "security_groups": [],
                "self": false,
                "to_port": 80
              }
            ],
            "name": "terraform-20210516124413950700000001",
            "name_prefix": "terraform-",
            "owner_id": "433581887735",
            "revoke_rules_on_delete": false,
            "tags": {
              "For": "bastion",
              "Managed By": "Terraform",
              "Name": "ssh-allowed",
              "environment": "dev",
              "project": "terraform"
            },
            "tags_all": {
              "For": "bastion",
              "Managed By": "Terraform",
              "Name": "ssh-allowed",
              "environment": "dev",
              "project": "terraform"
            },
            "timeouts": null,
            "vpc_id": "vpc-0359617ca21416380"
          },
          "sensitive_attributes": [],
          "private": "eyJlMmJmYjczMC1lY2FhLTExZTYtOGY4OC0zNDM2M2JjN2M0YzAiOnsiY3JlYXRlIjo2MDAwMDAwMDAwMDAsImRlbGV0ZSI6OTAwMDAwMDAwMDAwfSwic2NoZW1hX3ZlcnNpb24iOiIxIn0=",
          "dependencies": [
            "module.vpc.aws_vpc.this"
          ]
        }
      ]
    },
    {
      "mode": "managed",
      "type": "aws_security_group",
      "name": "worker_group_mgmt_one",
      "provider": "provider[\"registry.terraform.io/hashicorp/aws\"]",
      "instances": [
        {
          "schema_version": 1,
          "attributes": {
            "arn": "arn:aws:ec2:ap-south-1:433581887735:security-group/sg-0a652431b8f88214a",
            "description": "Managed by Terraform",
            "egress": [],
            "id": "sg-0a652431b8f88214a",
            "ingress": [
              {
                "cidr_blocks": [
                  "10.0.0.0/8"
                ],
                "description": "",
                "from_port": 22,
                "ipv6_cidr_blocks": [],
                "prefix_list_ids": [],
                "protocol": "tcp",
                "security_groups": [],
                "self": false,
                "to_port": 22
              }
            ],
            "name": "worker_group_mgmt_one20210516090347244800000008",
            "name_prefix": "worker_group_mgmt_one",
            "owner_id": "433581887735",
            "revoke_rules_on_delete": false,
            "tags": {
              "Managed By": "Terraform",
              "environment": "dev",
              "project": "terraform"
            },
            "tags_all": {
              "Managed By": "Terraform",
              "environment": "dev",
              "project": "terraform"
            },
            "timeouts": null,
            "vpc_id": "vpc-0359617ca21416380"
          },
          "sensitive_attributes": [],
          "private": "eyJlMmJmYjczMC1lY2FhLTExZTYtOGY4OC0zNDM2M2JjN2M0YzAiOnsiY3JlYXRlIjo2MDAwMDAwMDAwMDAsImRlbGV0ZSI6OTAwMDAwMDAwMDAwfSwic2NoZW1hX3ZlcnNpb24iOiIxIn0=",
          "dependencies": [
            "module.vpc.aws_vpc.this"
          ],
          "create_before_destroy": true
        }
      ]
    },
    {
      "mode": "managed",
      "type": "aws_security_group",
      "name": "worker_group_mgmt_two",
      "provider": "provider[\"registry.terraform.io/hashicorp/aws\"]",
      "instances": [
        {
          "schema_version": 1,
          "attributes": {
            "arn": "arn:aws:ec2:ap-south-1:433581887735:security-group/sg-0a122431ee6fbeeb1",
            "description": "Managed by Terraform",
            "egress": [],
            "id": "sg-0a122431ee6fbeeb1",
            "ingress": [
              {
                "cidr_blocks": [
                  "192.168.0.0/16"
                ],
                "description": "",
                "from_port": 22,
                "ipv6_cidr_blocks": [],
                "prefix_list_ids": [],
                "protocol": "tcp",
                "security_groups": [],
                "self": false,
                "to_port": 22
              }
            ],
            "name": "worker_group_mgmt_two20210516090347243000000007",
            "name_prefix": "worker_group_mgmt_two",
            "owner_id": "433581887735",
            "revoke_rules_on_delete": false,
            "tags": {
              "Managed By": "Terraform",
              "environment": "dev",
              "project": "terraform"
            },
            "tags_all": {
              "Managed By": "Terraform",
              "environment": "dev",
              "project": "terraform"
            },
            "timeouts": null,
            "vpc_id": "vpc-0359617ca21416380"
          },
          "sensitive_attributes": [],
          "private": "eyJlMmJmYjczMC1lY2FhLTExZTYtOGY4OC0zNDM2M2JjN2M0YzAiOnsiY3JlYXRlIjo2MDAwMDAwMDAwMDAsImRlbGV0ZSI6OTAwMDAwMDAwMDAwfSwic2NoZW1hX3ZlcnNpb24iOiIxIn0=",
          "dependencies": [
            "module.vpc.aws_vpc.this"
          ],
          "create_before_destroy": true
        }
      ]
    },
    {
      "module": "module.eks",
      "mode": "data",
      "type": "aws_ami",
      "name": "eks_worker",
      "provider": "provider[\"registry.terraform.io/hashicorp/aws\"]",
      "instances": [
        {
          "schema_version": 0,
          "attributes": {
            "architecture": "x86_64",
            "arn": "arn:aws:ec2:ap-south-1::image/ami-0a0aeb8843fca6388",
            "block_device_mappings": [
              {
                "device_name": "/dev/xvda",
                "ebs": {
                  "delete_on_termination": "true",
                  "encrypted": "false",
                  "iops": "0",
                  "snapshot_id": "snap-0018c8590e2f37826",
                  "throughput": "0",
                  "volume_size": "20",
                  "volume_type": "gp2"
                },
                "no_device": "",
                "virtual_name": ""
              }
            ],
            "creation_date": "2021-05-12T21:53:08.000Z",
            "description": "EKS Kubernetes Worker AMI with AmazonLinux2 image, (k8s: 1.18.9, docker: 19.03.13ce-1.amzn2, containerd: 1.4.1-2.amzn2)",
            "ena_support": true,
            "executable_users": null,
            "filter": [
              {
                "name": "name",
                "values": [
                  "amazon-eks-node-1.18-v*"
                ]
              }
            ],
            "hypervisor": "xen",
            "id": "ami-0a0aeb8843fca6388",
            "image_id": "ami-0a0aeb8843fca6388",
            "image_location": "amazon/amazon-eks-node-1.18-v20210512",
            "image_owner_alias": "amazon",
            "image_type": "machine",
            "kernel_id": null,
            "most_recent": true,
            "name": "amazon-eks-node-1.18-v20210512",
            "name_regex": null,
            "owner_id": "602401143452",
            "owners": [
              "amazon"
            ],
            "platform": null,
            "platform_details": "Linux/UNIX",
            "product_codes": [],
            "public": true,
            "ramdisk_id": null,
            "root_device_name": "/dev/xvda",
            "root_device_type": "ebs",
            "root_snapshot_id": "snap-0018c8590e2f37826",
            "sriov_net_support": "simple",
            "state": "available",
            "state_reason": {
              "code": "UNSET",
              "message": "UNSET"
            },
            "tags": {},
            "usage_operation": "RunInstances",
            "virtualization_type": "hvm"
          },
          "sensitive_attributes": []
        }
      ]
    },
    {
      "module": "module.eks",
      "mode": "data",
      "type": "aws_ami",
      "name": "eks_worker_windows",
      "provider": "provider[\"registry.terraform.io/hashicorp/aws\"]",
      "instances": [
        {
          "schema_version": 0,
          "attributes": {
            "architecture": "x86_64",
            "arn": "arn:aws:ec2:ap-south-1::image/ami-0991bb7ad893c2907",
            "block_device_mappings": [
              {
                "device_name": "/dev/sda1",
                "ebs": {
                  "delete_on_termination": "true",
                  "encrypted": "false",
                  "iops": "0",
                  "snapshot_id": "snap-0d81788f097aaad0c",
                  "throughput": "0",
                  "volume_size": "50",
                  "volume_type": "gp2"
                },
                "no_device": "",
                "virtual_name": ""
              },
              {
                "device_name": "xvdca",
                "ebs": {},
                "no_device": "",
                "virtual_name": "ephemeral0"
              },
              {
                "device_name": "xvdcb",
                "ebs": {},
                "no_device": "",
                "virtual_name": "ephemeral1"
              },
              {
                "device_name": "xvdcc",
                "ebs": {},
                "no_device": "",
                "virtual_name": "ephemeral2"
              },
              {
                "device_name": "xvdcd",
                "ebs": {},
                "no_device": "",
                "virtual_name": "ephemeral3"
              },
              {
                "device_name": "xvdce",
                "ebs": {},
                "no_device": "",
                "virtual_name": "ephemeral4"
              },
              {
                "device_name": "xvdcf",
                "ebs": {},
                "no_device": "",
                "virtual_name": "ephemeral5"
              },
              {
                "device_name": "xvdcg",
                "ebs": {},
                "no_device": "",
                "virtual_name": "ephemeral6"
              },
              {
                "device_name": "xvdch",
                "ebs": {},
                "no_device": "",
                "virtual_name": "ephemeral7"
              },
              {
                "device_name": "xvdci",
                "ebs": {},
                "no_device": "",
                "virtual_name": "ephemeral8"
              },
              {
                "device_name": "xvdcj",
                "ebs": {},
                "no_device": "",
                "virtual_name": "ephemeral9"
              },
              {
                "device_name": "xvdck",
                "ebs": {},
                "no_device": "",
                "virtual_name": "ephemeral10"
              },
              {
                "device_name": "xvdcl",
                "ebs": {},
                "no_device": "",
                "virtual_name": "ephemeral11"
              },
              {
                "device_name": "xvdcm",
                "ebs": {},
                "no_device": "",
                "virtual_name": "ephemeral12"
              },
              {
                "device_name": "xvdcn",
                "ebs": {},
                "no_device": "",
                "virtual_name": "ephemeral13"
              },
              {
                "device_name": "xvdco",
                "ebs": {},
                "no_device": "",
                "virtual_name": "ephemeral14"
              },
              {
                "device_name": "xvdcp",
                "ebs": {},
                "no_device": "",
                "virtual_name": "ephemeral15"
              },
              {
                "device_name": "xvdcq",
                "ebs": {},
                "no_device": "",
                "virtual_name": "ephemeral16"
              },
              {
                "device_name": "xvdcr",
                "ebs": {},
                "no_device": "",
                "virtual_name": "ephemeral17"
              },
              {
                "device_name": "xvdcs",
                "ebs": {},
                "no_device": "",
                "virtual_name": "ephemeral18"
              },
              {
                "device_name": "xvdct",
                "ebs": {},
                "no_device": "",
                "virtual_name": "ephemeral19"
              },
              {
                "device_name": "xvdcu",
                "ebs": {},
                "no_device": "",
                "virtual_name": "ephemeral20"
              },
              {
                "device_name": "xvdcv",
                "ebs": {},
                "no_device": "",
                "virtual_name": "ephemeral21"
              },
              {
                "device_name": "xvdcw",
                "ebs": {},
                "no_device": "",
                "virtual_name": "ephemeral22"
              },
              {
                "device_name": "xvdcx",
                "ebs": {},
                "no_device": "",
                "virtual_name": "ephemeral23"
              },
              {
                "device_name": "xvdcy",
                "ebs": {},
                "no_device": "",
                "virtual_name": "ephemeral24"
              },
              {
                "device_name": "xvdcz",
                "ebs": {},
                "no_device": "",
                "virtual_name": "ephemeral25"
              }
            ],
            "creation_date": "2021-04-15T19:43:57.000Z",
            "description": "Microsoft Windows Server 2019 Core optimized for EKS and provided by Amazon",
            "ena_support": true,
            "executable_users": null,
            "filter": [
              {
                "name": "name",
                "values": [
                  "Windows_Server-2019-English-Core-EKS_Optimized-1.18-*"
                ]
              },
              {
                "name": "platform",
                "values": [
                  "windows"
                ]
              }
            ],
            "hypervisor": "xen",
            "id": "ami-0991bb7ad893c2907",
            "image_id": "ami-0991bb7ad893c2907",
            "image_location": "amazon/Windows_Server-2019-English-Core-EKS_Optimized-1.18-2021.04.14",
            "image_owner_alias": "amazon",
            "image_type": "machine",
            "kernel_id": null,
            "most_recent": true,
            "name": "Windows_Server-2019-English-Core-EKS_Optimized-1.18-2021.04.14",
            "name_regex": null,
            "owner_id": "801119661308",
            "owners": [
              "amazon"
            ],
            "platform": "windows",
            "platform_details": "Windows",
            "product_codes": [],
            "public": true,
            "ramdisk_id": null,
            "root_device_name": "/dev/sda1",
            "root_device_type": "ebs",
            "root_snapshot_id": "snap-0d81788f097aaad0c",
            "sriov_net_support": "simple",
            "state": "available",
            "state_reason": {
              "code": "UNSET",
              "message": "UNSET"
            },
            "tags": {},
            "usage_operation": "RunInstances:0002",
            "virtualization_type": "hvm"
          },
          "sensitive_attributes": []
        }
      ]
    },
    {
      "module": "module.eks",
      "mode": "data",
      "type": "aws_caller_identity",
      "name": "current",
      "provider": "provider[\"registry.terraform.io/hashicorp/aws\"]",
      "instances": [
        {
          "schema_version": 0,
          "attributes": {
            "account_id": "433581887735",
            "arn": "arn:aws:iam::433581887735:user/shinto",
            "id": "433581887735",
            "user_id": "AIDAWJ436SD35DEWQCXYW"
          },
          "sensitive_attributes": []
        }
      ]
    },
    {
      "module": "module.eks",
      "mode": "data",
      "type": "aws_iam_policy_document",
      "name": "cluster_assume_role_policy",
      "provider": "provider[\"registry.terraform.io/hashicorp/aws\"]",
      "instances": [
        {
          "schema_version": 0,
          "attributes": {
            "id": "2764486067",
            "json": "{\n  \"Version\": \"2012-10-17\",\n  \"Statement\": [\n    {\n      \"Sid\": \"EKSClusterAssumeRole\",\n      \"Effect\": \"Allow\",\n      \"Action\": \"sts:AssumeRole\",\n      \"Principal\": {\n        \"Service\": \"eks.amazonaws.com\"\n      }\n    }\n  ]\n}",
            "override_json": null,
            "override_policy_documents": null,
            "policy_id": null,
            "source_json": null,
            "source_policy_documents": null,
            "statement": [
              {
                "actions": [
                  "sts:AssumeRole"
                ],
                "condition": [],
                "effect": "Allow",
                "not_actions": [],
                "not_principals": [],
                "not_resources": [],
                "principals": [
                  {
                    "identifiers": [
                      "eks.amazonaws.com"
                    ],
                    "type": "Service"
                  }
                ],
                "resources": [],
                "sid": "EKSClusterAssumeRole"
              }
            ],
            "version": "2012-10-17"
          },
          "sensitive_attributes": []
        }
      ]
    },
    {
      "module": "module.eks",
      "mode": "data",
      "type": "aws_iam_policy_document",
      "name": "cluster_elb_sl_role_creation",
      "provider": "provider[\"registry.terraform.io/hashicorp/aws\"]",
      "instances": [
        {
          "index_key": 0,
          "schema_version": 0,
          "attributes": {
            "id": "3709839417",
            "json": "{\n  \"Version\": \"2012-10-17\",\n  \"Statement\": [\n    {\n      \"Sid\": \"\",\n      \"Effect\": \"Allow\",\n      \"Action\": [\n        \"ec2:DescribeInternetGateways\",\n        \"ec2:DescribeAddresses\",\n        \"ec2:DescribeAccountAttributes\"\n      ],\n      \"Resource\": \"*\"\n    }\n  ]\n}",
            "override_json": null,
            "override_policy_documents": null,
            "policy_id": null,
            "source_json": null,
            "source_policy_documents": null,
            "statement": [
              {
                "actions": [
                  "ec2:DescribeAccountAttributes",
                  "ec2:DescribeAddresses",
                  "ec2:DescribeInternetGateways"
                ],
                "condition": [],
                "effect": "Allow",
                "not_actions": [],
                "not_principals": [],
                "not_resources": [],
                "principals": [],
                "resources": [
                  "*"
                ],
                "sid": ""
              }
            ],
            "version": "2012-10-17"
          },
          "sensitive_attributes": []
        }
      ]
    },
    {
      "module": "module.eks",
      "mode": "data",
      "type": "aws_iam_policy_document",
      "name": "workers_assume_role_policy",
      "provider": "provider[\"registry.terraform.io/hashicorp/aws\"]",
      "instances": [
        {
          "schema_version": 0,
          "attributes": {
            "id": "3778018924",
            "json": "{\n  \"Version\": \"2012-10-17\",\n  \"Statement\": [\n    {\n      \"Sid\": \"EKSWorkerAssumeRole\",\n      \"Effect\": \"Allow\",\n      \"Action\": \"sts:AssumeRole\",\n      \"Principal\": {\n        \"Service\": \"ec2.amazonaws.com\"\n      }\n    }\n  ]\n}",
            "override_json": null,
            "override_policy_documents": null,
            "policy_id": null,
            "source_json": null,
            "source_policy_documents": null,
            "statement": [
              {
                "actions": [
                  "sts:AssumeRole"
                ],
                "condition": [],
                "effect": "Allow",
                "not_actions": [],
                "not_principals": [],
                "not_resources": [],
                "principals": [
                  {
                    "identifiers": [
                      "ec2.amazonaws.com"
                    ],
                    "type": "Service"
                  }
                ],
                "resources": [],
                "sid": "EKSWorkerAssumeRole"
              }
            ],
            "version": "2012-10-17"
          },
          "sensitive_attributes": []
        }
      ]
    },
    {
      "module": "module.eks",
      "mode": "data",
      "type": "aws_partition",
      "name": "current",
      "provider": "provider[\"registry.terraform.io/hashicorp/aws\"]",
      "instances": [
        {
          "schema_version": 0,
          "attributes": {
            "dns_suffix": "amazonaws.com",
            "id": "aws",
            "partition": "aws",
            "reverse_dns_prefix": "com.amazonaws"
          },
          "sensitive_attributes": []
        }
      ]
    },
    {
      "module": "module.eks",
      "mode": "data",
      "type": "template_file",
      "name": "userdata",
      "provider": "provider[\"registry.terraform.io/hashicorp/template\"]",
      "instances": [
        {
          "index_key": 0,
          "schema_version": 0,
          "attributes": {
            "filename": null,
            "id": "0cfe146b8f9f16dc209c63b84226817ea127163b4835fa9a42b012581e52b789",
            "rendered": "#!/bin/bash -e\n\n# Allow user supplied pre userdata code\n\n\n# Bootstrap and join the cluster\n/etc/eks/bootstrap.sh --b64-cluster-ca 'LS0tLS1CRUdJTiBDRVJUSUZJQ0FURS0tLS0tCk1JSUN5RENDQWJDZ0F3SUJBZ0lCQURBTkJna3Foa2lHOXcwQkFRc0ZBREFWTVJNd0VRWURWUVFERXdwcmRXSmwKY201bGRHVnpNQjRYRFRJeE1EVXhOakE1TURreU5Wb1hEVE14TURVeE5EQTVNRGt5TlZvd0ZURVRNQkVHQTFVRQpBeE1LYTNWaVpYSnVaWFJsY3pDQ0FTSXdEUVlKS29aSWh2Y05BUUVCQlFBRGdnRVBBRENDQVFvQ2dnRUJBTSt1CnM5YmV3U1VVMXZId3pEaVY2V05LY21ZR0RmVGRVNnZsbjQzQkIwM2s0dEFpdG5IZ3h1b0cvUjdzSEdNKzd5dTUKczR0OHZWcGoyVlQ1bmRub3hOVGhvN2pBL2djZXUxRWprOGMvTTF5Q0Rud3FqQksvNkRzd0x4d2hMZDFsR04xRwpxSTZkOGg5SzlqUHNublNuMGtMNW5NT0p5SEpqaHRrR1RUeDFna0pRbktQZDd5T3FCTHVHejVwYjYyK2FZc2NVCnBMdmlVcHhiKzd3NFJiS1V4NnNrNXJHK1VhaE02ejIrZWhoNDZLK2lPM1ZKRG55ZzYxWFFDc0hRVFlaOEZQL0wKb1BQRWczaW5UN0lIZFRIeXM2eWFnSThCMWtiVXUzWmkvYW5pclNzOXJES0Ftd1lQZDBwSFRiOTRFRTFHcW1QRApYeWhsdGlZZXhIeGQ5VVdPZjlrQ0F3RUFBYU1qTUNFd0RnWURWUjBQQVFIL0JBUURBZ0trTUE4R0ExVWRFd0VCCi93UUZNQU1CQWY4d0RRWUpLb1pJaHZjTkFRRUxCUUFEZ2dFQkFJY1YxMzk1Mlgvb2o1dWN6SEFsSVVTMElacWQKQit0bkRNQTkrV3hvOGl0Ni9ENkdKSGdjMFBuYWtVTEVvVHkvaWttcFZXWEUrVHNscmVlOHl1QnU0TUJOQ1FFOApIV05aTGF5WURPTDM2bit2V2tvcFUvWGYrc3c1TGs5YjYwenlnZllIRE44Nng3ZVF6TDkrQ0ZkMlBtcU5uQ1EwCjJDY1Jna3MvVjkzZmhMOEtacWdjOE5GUURjZlRLTWRPT1ZIZitzNFhYWmlnN0JuN2dUMzJWT2czYWV3akxzSG8KbW9GUUJGRlJPNll5TFhHcEtOaHg4TUx4d0txOHlkbm9iYXBHNkVxdlpsbGV0WmFMQmZnd1NvNGxGVEhFbk0weAo2Y1NBc3g3dnpsNkVxVTdJaEh6NG9YbU1Ua2l4WUpiYWVQcGxsNEcyRnBmclE1TktXOUt4bnF1YWdHND0KLS0tLS1FTkQgQ0VSVElGSUNBVEUtLS0tLQo=' --apiserver-endpoint 'https://204B14EB56E80EFA24ED573B76F0D54B.sk1.ap-south-1.eks.amazonaws.com'  --kubelet-extra-args \"\" 'tfone'\n\n# Allow user supplied userdata code\necho foo bar\n",
            "template": "#!/bin/bash -e\n\n# Allow user supplied pre userdata code\n${pre_userdata}\n\n# Bootstrap and join the cluster\n/etc/eks/bootstrap.sh --b64-cluster-ca '${cluster_auth_base64}' --apiserver-endpoint '${endpoint}' ${bootstrap_extra_args} --kubelet-extra-args \"${kubelet_extra_args}\" '${cluster_name}'\n\n# Allow user supplied userdata code\n${additional_userdata}\n",
            "vars": {
              "additional_userdata": "echo foo bar",
              "bootstrap_extra_args": "",
              "cluster_auth_base64": "LS0tLS1CRUdJTiBDRVJUSUZJQ0FURS0tLS0tCk1JSUN5RENDQWJDZ0F3SUJBZ0lCQURBTkJna3Foa2lHOXcwQkFRc0ZBREFWTVJNd0VRWURWUVFERXdwcmRXSmwKY201bGRHVnpNQjRYRFRJeE1EVXhOakE1TURreU5Wb1hEVE14TURVeE5EQTVNRGt5TlZvd0ZURVRNQkVHQTFVRQpBeE1LYTNWaVpYSnVaWFJsY3pDQ0FTSXdEUVlKS29aSWh2Y05BUUVCQlFBRGdnRVBBRENDQVFvQ2dnRUJBTSt1CnM5YmV3U1VVMXZId3pEaVY2V05LY21ZR0RmVGRVNnZsbjQzQkIwM2s0dEFpdG5IZ3h1b0cvUjdzSEdNKzd5dTUKczR0OHZWcGoyVlQ1bmRub3hOVGhvN2pBL2djZXUxRWprOGMvTTF5Q0Rud3FqQksvNkRzd0x4d2hMZDFsR04xRwpxSTZkOGg5SzlqUHNublNuMGtMNW5NT0p5SEpqaHRrR1RUeDFna0pRbktQZDd5T3FCTHVHejVwYjYyK2FZc2NVCnBMdmlVcHhiKzd3NFJiS1V4NnNrNXJHK1VhaE02ejIrZWhoNDZLK2lPM1ZKRG55ZzYxWFFDc0hRVFlaOEZQL0wKb1BQRWczaW5UN0lIZFRIeXM2eWFnSThCMWtiVXUzWmkvYW5pclNzOXJES0Ftd1lQZDBwSFRiOTRFRTFHcW1QRApYeWhsdGlZZXhIeGQ5VVdPZjlrQ0F3RUFBYU1qTUNFd0RnWURWUjBQQVFIL0JBUURBZ0trTUE4R0ExVWRFd0VCCi93UUZNQU1CQWY4d0RRWUpLb1pJaHZjTkFRRUxCUUFEZ2dFQkFJY1YxMzk1Mlgvb2o1dWN6SEFsSVVTMElacWQKQit0bkRNQTkrV3hvOGl0Ni9ENkdKSGdjMFBuYWtVTEVvVHkvaWttcFZXWEUrVHNscmVlOHl1QnU0TUJOQ1FFOApIV05aTGF5WURPTDM2bit2V2tvcFUvWGYrc3c1TGs5YjYwenlnZllIRE44Nng3ZVF6TDkrQ0ZkMlBtcU5uQ1EwCjJDY1Jna3MvVjkzZmhMOEtacWdjOE5GUURjZlRLTWRPT1ZIZitzNFhYWmlnN0JuN2dUMzJWT2czYWV3akxzSG8KbW9GUUJGRlJPNll5TFhHcEtOaHg4TUx4d0txOHlkbm9iYXBHNkVxdlpsbGV0WmFMQmZnd1NvNGxGVEhFbk0weAo2Y1NBc3g3dnpsNkVxVTdJaEh6NG9YbU1Ua2l4WUpiYWVQcGxsNEcyRnBmclE1TktXOUt4bnF1YWdHND0KLS0tLS1FTkQgQ0VSVElGSUNBVEUtLS0tLQo=",
              "cluster_name": "tfone",
              "endpoint": "https://204B14EB56E80EFA24ED573B76F0D54B.sk1.ap-south-1.eks.amazonaws.com",
              "kubelet_extra_args": "",
              "platform": "linux",
              "pre_userdata": ""
            }
          },
          "sensitive_attributes": []
        },
        {
          "index_key": 1,
          "schema_version": 0,
          "attributes": {
            "filename": null,
            "id": "0cfe146b8f9f16dc209c63b84226817ea127163b4835fa9a42b012581e52b789",
            "rendered": "#!/bin/bash -e\n\n# Allow user supplied pre userdata code\n\n\n# Bootstrap and join the cluster\n/etc/eks/bootstrap.sh --b64-cluster-ca 'LS0tLS1CRUdJTiBDRVJUSUZJQ0FURS0tLS0tCk1JSUN5RENDQWJDZ0F3SUJBZ0lCQURBTkJna3Foa2lHOXcwQkFRc0ZBREFWTVJNd0VRWURWUVFERXdwcmRXSmwKY201bGRHVnpNQjRYRFRJeE1EVXhOakE1TURreU5Wb1hEVE14TURVeE5EQTVNRGt5TlZvd0ZURVRNQkVHQTFVRQpBeE1LYTNWaVpYSnVaWFJsY3pDQ0FTSXdEUVlKS29aSWh2Y05BUUVCQlFBRGdnRVBBRENDQVFvQ2dnRUJBTSt1CnM5YmV3U1VVMXZId3pEaVY2V05LY21ZR0RmVGRVNnZsbjQzQkIwM2s0dEFpdG5IZ3h1b0cvUjdzSEdNKzd5dTUKczR0OHZWcGoyVlQ1bmRub3hOVGhvN2pBL2djZXUxRWprOGMvTTF5Q0Rud3FqQksvNkRzd0x4d2hMZDFsR04xRwpxSTZkOGg5SzlqUHNublNuMGtMNW5NT0p5SEpqaHRrR1RUeDFna0pRbktQZDd5T3FCTHVHejVwYjYyK2FZc2NVCnBMdmlVcHhiKzd3NFJiS1V4NnNrNXJHK1VhaE02ejIrZWhoNDZLK2lPM1ZKRG55ZzYxWFFDc0hRVFlaOEZQL0wKb1BQRWczaW5UN0lIZFRIeXM2eWFnSThCMWtiVXUzWmkvYW5pclNzOXJES0Ftd1lQZDBwSFRiOTRFRTFHcW1QRApYeWhsdGlZZXhIeGQ5VVdPZjlrQ0F3RUFBYU1qTUNFd0RnWURWUjBQQVFIL0JBUURBZ0trTUE4R0ExVWRFd0VCCi93UUZNQU1CQWY4d0RRWUpLb1pJaHZjTkFRRUxCUUFEZ2dFQkFJY1YxMzk1Mlgvb2o1dWN6SEFsSVVTMElacWQKQit0bkRNQTkrV3hvOGl0Ni9ENkdKSGdjMFBuYWtVTEVvVHkvaWttcFZXWEUrVHNscmVlOHl1QnU0TUJOQ1FFOApIV05aTGF5WURPTDM2bit2V2tvcFUvWGYrc3c1TGs5YjYwenlnZllIRE44Nng3ZVF6TDkrQ0ZkMlBtcU5uQ1EwCjJDY1Jna3MvVjkzZmhMOEtacWdjOE5GUURjZlRLTWRPT1ZIZitzNFhYWmlnN0JuN2dUMzJWT2czYWV3akxzSG8KbW9GUUJGRlJPNll5TFhHcEtOaHg4TUx4d0txOHlkbm9iYXBHNkVxdlpsbGV0WmFMQmZnd1NvNGxGVEhFbk0weAo2Y1NBc3g3dnpsNkVxVTdJaEh6NG9YbU1Ua2l4WUpiYWVQcGxsNEcyRnBmclE1TktXOUt4bnF1YWdHND0KLS0tLS1FTkQgQ0VSVElGSUNBVEUtLS0tLQo=' --apiserver-endpoint 'https://204B14EB56E80EFA24ED573B76F0D54B.sk1.ap-south-1.eks.amazonaws.com'  --kubelet-extra-args \"\" 'tfone'\n\n# Allow user supplied userdata code\necho foo bar\n",
            "template": "#!/bin/bash -e\n\n# Allow user supplied pre userdata code\n${pre_userdata}\n\n# Bootstrap and join the cluster\n/etc/eks/bootstrap.sh --b64-cluster-ca '${cluster_auth_base64}' --apiserver-endpoint '${endpoint}' ${bootstrap_extra_args} --kubelet-extra-args \"${kubelet_extra_args}\" '${cluster_name}'\n\n# Allow user supplied userdata code\n${additional_userdata}\n",
            "vars": {
              "additional_userdata": "echo foo bar",
              "bootstrap_extra_args": "",
              "cluster_auth_base64": "LS0tLS1CRUdJTiBDRVJUSUZJQ0FURS0tLS0tCk1JSUN5RENDQWJDZ0F3SUJBZ0lCQURBTkJna3Foa2lHOXcwQkFRc0ZBREFWTVJNd0VRWURWUVFERXdwcmRXSmwKY201bGRHVnpNQjRYRFRJeE1EVXhOakE1TURreU5Wb1hEVE14TURVeE5EQTVNRGt5TlZvd0ZURVRNQkVHQTFVRQpBeE1LYTNWaVpYSnVaWFJsY3pDQ0FTSXdEUVlKS29aSWh2Y05BUUVCQlFBRGdnRVBBRENDQVFvQ2dnRUJBTSt1CnM5YmV3U1VVMXZId3pEaVY2V05LY21ZR0RmVGRVNnZsbjQzQkIwM2s0dEFpdG5IZ3h1b0cvUjdzSEdNKzd5dTUKczR0OHZWcGoyVlQ1bmRub3hOVGhvN2pBL2djZXUxRWprOGMvTTF5Q0Rud3FqQksvNkRzd0x4d2hMZDFsR04xRwpxSTZkOGg5SzlqUHNublNuMGtMNW5NT0p5SEpqaHRrR1RUeDFna0pRbktQZDd5T3FCTHVHejVwYjYyK2FZc2NVCnBMdmlVcHhiKzd3NFJiS1V4NnNrNXJHK1VhaE02ejIrZWhoNDZLK2lPM1ZKRG55ZzYxWFFDc0hRVFlaOEZQL0wKb1BQRWczaW5UN0lIZFRIeXM2eWFnSThCMWtiVXUzWmkvYW5pclNzOXJES0Ftd1lQZDBwSFRiOTRFRTFHcW1QRApYeWhsdGlZZXhIeGQ5VVdPZjlrQ0F3RUFBYU1qTUNFd0RnWURWUjBQQVFIL0JBUURBZ0trTUE4R0ExVWRFd0VCCi93UUZNQU1CQWY4d0RRWUpLb1pJaHZjTkFRRUxCUUFEZ2dFQkFJY1YxMzk1Mlgvb2o1dWN6SEFsSVVTMElacWQKQit0bkRNQTkrV3hvOGl0Ni9ENkdKSGdjMFBuYWtVTEVvVHkvaWttcFZXWEUrVHNscmVlOHl1QnU0TUJOQ1FFOApIV05aTGF5WURPTDM2bit2V2tvcFUvWGYrc3c1TGs5YjYwenlnZllIRE44Nng3ZVF6TDkrQ0ZkMlBtcU5uQ1EwCjJDY1Jna3MvVjkzZmhMOEtacWdjOE5GUURjZlRLTWRPT1ZIZitzNFhYWmlnN0JuN2dUMzJWT2czYWV3akxzSG8KbW9GUUJGRlJPNll5TFhHcEtOaHg4TUx4d0txOHlkbm9iYXBHNkVxdlpsbGV0WmFMQmZnd1NvNGxGVEhFbk0weAo2Y1NBc3g3dnpsNkVxVTdJaEh6NG9YbU1Ua2l4WUpiYWVQcGxsNEcyRnBmclE1TktXOUt4bnF1YWdHND0KLS0tLS1FTkQgQ0VSVElGSUNBVEUtLS0tLQo=",
              "cluster_name": "tfone",
              "endpoint": "https://204B14EB56E80EFA24ED573B76F0D54B.sk1.ap-south-1.eks.amazonaws.com",
              "kubelet_extra_args": "",
              "platform": "linux",
              "pre_userdata": ""
            }
          },
          "sensitive_attributes": []
        }
      ]
    },
    {
      "module": "module.eks",
      "mode": "managed",
      "type": "aws_autoscaling_group",
      "name": "workers",
      "provider": "provider[\"registry.terraform.io/hashicorp/aws\"]",
      "instances": [
        {
          "index_key": 0,
          "schema_version": 0,
          "attributes": {
            "arn": "arn:aws:autoscaling:ap-south-1:433581887735:autoScalingGroup:3e51a3e3-275f-4aab-9086-76afae7eb913:autoScalingGroupName/tfone-worker-group-120210516091253313200000014",
            "availability_zones": [
              "ap-south-1a",
              "ap-south-1b",
              "ap-south-1c"
            ],
            "capacity_rebalance": false,
            "default_cooldown": 300,
            "desired_capacity": 2,
            "enabled_metrics": [],
            "force_delete": false,
            "force_delete_warm_pool": false,
            "health_check_grace_period": 300,
            "health_check_type": "EC2",
            "id": "tfone-worker-group-120210516091253313200000014",
            "initial_lifecycle_hook": [],
            "instance_refresh": [],
            "launch_configuration": "tfone-worker-group-120210516091250667900000013",
            "launch_template": [],
            "load_balancers": [],
            "max_instance_lifetime": 0,
            "max_size": 3,
            "metrics_granularity": "1Minute",
            "min_elb_capacity": null,
            "min_size": 1,
            "mixed_instances_policy": [],
            "name": "tfone-worker-group-120210516091253313200000014",
            "name_prefix": "tfone-worker-group-1",
            "placement_group": "",
            "protect_from_scale_in": false,
            "service_linked_role_arn": "arn:aws:iam::433581887735:role/aws-service-role/autoscaling.amazonaws.com/AWSServiceRoleForAutoScaling",
            "suspended_processes": [
              "AZRebalance"
            ],
            "tag": [
              {
                "key": "Managed By",
                "propagate_at_launch": true,
                "value": "Terraform"
              },
              {
                "key": "Name",
                "propagate_at_launch": true,
                "value": "tfone-worker-group-1-eks_asg"
              },
              {
                "key": "environment",
                "propagate_at_launch": true,
                "value": "dev"
              },
              {
                "key": "k8s.io/cluster/tfone",
                "propagate_at_launch": true,
                "value": "owned"
              },
              {
                "key": "kubernetes.io/cluster/tfone",
                "propagate_at_launch": true,
                "value": "owned"
              },
              {
                "key": "project",
                "propagate_at_launch": true,
                "value": "terraform"
              }
            ],
            "tags": null,
            "target_group_arns": [],
            "termination_policies": [],
            "timeouts": null,
            "vpc_zone_identifier": [
              "subnet-0090b6f567f7cf6cf",
              "subnet-03b54de23e16a0495",
              "subnet-0efa1a8862fa1fd4f"
            ],
            "wait_for_capacity_timeout": "10m",
            "wait_for_elb_capacity": null,
            "warm_pool": []
          },
          "sensitive_attributes": [],
          "private": "eyJlMmJmYjczMC1lY2FhLTExZTYtOGY4OC0zNDM2M2JjN2M0YzAiOnsiZGVsZXRlIjo2MDAwMDAwMDAwMDB9fQ==",
          "dependencies": [
            "aws_security_group.worker_group_mgmt_two",
            "data.aws_availability_zones.available",
            "module.eks.aws_iam_instance_profile.workers",
            "module.eks.aws_security_group_rule.workers_egress_internet",
            "module.eks.aws_security_group_rule.workers_ingress_cluster_kubelet",
            "module.eks.aws_security_group_rule.cluster_egress_internet",
            "module.eks.aws_security_group_rule.cluster_primary_ingress_workers",
            "module.eks.aws_security_group_rule.workers_ingress_self",
            "module.eks.data.aws_iam_instance_profile.custom_worker_group_iam_instance_profile",
            "module.vpc.aws_subnet.private",
            "module.vpc.aws_vpc_ipv4_cidr_block_association.this",
            "module.eks.aws_iam_role_policy_attachment.cluster_AmazonEKSClusterPolicy",
            "module.eks.aws_iam_role_policy_attachment.workers_AmazonEKSWorkerNodePolicy",
            "module.eks.aws_security_group_rule.workers_ingress_cluster_primary",
            "module.eks.data.aws_iam_role.custom_cluster_iam_role",
            "module.eks.data.aws_partition.current",
            "module.eks.aws_iam_role.cluster",
            "module.eks.aws_iam_role.workers",
            "module.eks.aws_iam_role_policy_attachment.cluster_AmazonEKSServicePolicy",
            "module.eks.aws_security_group_rule.cluster_https_worker_ingress",
            "module.eks.aws_security_group_rule.workers_ingress_cluster",
            "module.eks.data.aws_ami.eks_worker_windows",
            "module.eks.data.template_file.userdata",
            "module.eks.aws_security_group_rule.workers_ingress_cluster_https",
            "module.eks.data.aws_ami.eks_worker",
            "module.eks.aws_security_group.cluster",
            "module.eks.data.aws_iam_policy_document.cluster_assume_role_policy",
            "module.vpc.aws_vpc.this",
            "aws_security_group.worker_group_mgmt_one",
            "module.eks.aws_cloudwatch_log_group.this",
            "module.eks.aws_eks_cluster.this",
            "module.eks.aws_iam_role_policy_attachment.workers_AmazonEKS_CNI_Policy",
            "module.eks.aws_launch_configuration.workers",
            "module.eks.aws_security_group.workers",
            "module.eks.random_pet.workers",
            "module.eks.aws_iam_role_policy_attachment.cluster_AmazonEKSVPCResourceControllerPolicy",
            "module.eks.aws_iam_role_policy_attachment.workers_AmazonEC2ContainerRegistryReadOnly",
            "module.eks.aws_iam_role_policy_attachment.workers_additional_policies",
            "module.eks.data.aws_iam_policy_document.workers_assume_role_policy"
          ],
          "create_before_destroy": true
        },
        {
          "index_key": 1,
          "schema_version": 0,
          "attributes": {
            "arn": "arn:aws:autoscaling:ap-south-1:433581887735:autoScalingGroup:6cf59fe8-3d49-49de-ac60-51305901f7b5:autoScalingGroupName/tfone-worker-group-220210516091253324000000015",
            "availability_zones": [
              "ap-south-1a",
              "ap-south-1b",
              "ap-south-1c"
            ],
            "capacity_rebalance": false,
            "default_cooldown": 300,
            "desired_capacity": 1,
            "enabled_metrics": [],
            "force_delete": false,
            "force_delete_warm_pool": false,
            "health_check_grace_period": 300,
            "health_check_type": "EC2",
            "id": "tfone-worker-group-220210516091253324000000015",
            "initial_lifecycle_hook": [],
            "instance_refresh": [],
            "launch_configuration": "tfone-worker-group-220210516091250385300000012",
            "launch_template": [],
            "load_balancers": [],
            "max_instance_lifetime": 0,
            "max_size": 3,
            "metrics_granularity": "1Minute",
            "min_elb_capacity": null,
            "min_size": 1,
            "mixed_instances_policy": [],
            "name": "tfone-worker-group-220210516091253324000000015",
            "name_prefix": "tfone-worker-group-2",
            "placement_group": "",
            "protect_from_scale_in": false,
            "service_linked_role_arn": "arn:aws:iam::433581887735:role/aws-service-role/autoscaling.amazonaws.com/AWSServiceRoleForAutoScaling",
            "suspended_processes": [
              "AZRebalance"
            ],
            "tag": [
              {
                "key": "Managed By",
                "propagate_at_launch": true,
                "value": "Terraform"
              },
              {
                "key": "Name",
                "propagate_at_launch": true,
                "value": "tfone-worker-group-2-eks_asg"
              },
              {
                "key": "environment",
                "propagate_at_launch": true,
                "value": "dev"
              },
              {
                "key": "k8s.io/cluster/tfone",
                "propagate_at_launch": true,
                "value": "owned"
              },
              {
                "key": "kubernetes.io/cluster/tfone",
                "propagate_at_launch": true,
                "value": "owned"
              },
              {
                "key": "project",
                "propagate_at_launch": true,
                "value": "terraform"
              }
            ],
            "tags": null,
            "target_group_arns": [],
            "termination_policies": [],
            "timeouts": null,
            "vpc_zone_identifier": [
              "subnet-0090b6f567f7cf6cf",
              "subnet-03b54de23e16a0495",
              "subnet-0efa1a8862fa1fd4f"
            ],
            "wait_for_capacity_timeout": "10m",
            "wait_for_elb_capacity": null,
            "warm_pool": []
          },
          "sensitive_attributes": [],
          "private": "eyJlMmJmYjczMC1lY2FhLTExZTYtOGY4OC0zNDM2M2JjN2M0YzAiOnsiZGVsZXRlIjo2MDAwMDAwMDAwMDB9fQ==",
          "dependencies": [
            "aws_security_group.worker_group_mgmt_two",
            "module.eks.aws_iam_role_policy_attachment.cluster_AmazonEKSVPCResourceControllerPolicy",
            "module.eks.aws_security_group_rule.cluster_egress_internet",
            "module.eks.data.aws_iam_instance_profile.custom_worker_group_iam_instance_profile",
            "module.eks.data.aws_iam_policy_document.cluster_assume_role_policy",
            "module.eks.data.template_file.userdata",
            "module.eks.aws_iam_instance_profile.workers",
            "module.eks.data.aws_iam_policy_document.workers_assume_role_policy",
            "module.vpc.aws_subnet.private",
            "module.eks.aws_iam_role.cluster",
            "module.eks.aws_iam_role_policy_attachment.cluster_AmazonEKSClusterPolicy",
            "module.eks.aws_security_group_rule.cluster_primary_ingress_workers",
            "module.eks.data.aws_ami.eks_worker_windows",
            "aws_security_group.worker_group_mgmt_one",
            "data.aws_availability_zones.available",
            "module.eks.aws_iam_role_policy_attachment.workers_AmazonEKSWorkerNodePolicy",
            "module.eks.aws_iam_role_policy_attachment.workers_additional_policies",
            "module.eks.aws_launch_configuration.workers",
            "module.eks.aws_security_group.cluster",
            "module.eks.aws_security_group_rule.workers_egress_internet",
            "module.eks.aws_iam_role_policy_attachment.workers_AmazonEKS_CNI_Policy",
            "module.eks.aws_security_group_rule.workers_ingress_cluster_https",
            "module.eks.aws_security_group_rule.workers_ingress_self",
            "module.eks.aws_iam_role.workers",
            "module.eks.aws_security_group.workers",
            "module.eks.aws_security_group_rule.workers_ingress_cluster",
            "module.eks.data.aws_partition.current",
            "module.vpc.aws_vpc_ipv4_cidr_block_association.this",
            "module.eks.aws_cloudwatch_log_group.this",
            "module.eks.aws_eks_cluster.this",
            "module.eks.aws_iam_role_policy_attachment.workers_AmazonEC2ContainerRegistryReadOnly",
            "module.eks.aws_security_group_rule.workers_ingress_cluster_primary",
            "module.eks.data.aws_ami.eks_worker",
            "module.vpc.aws_vpc.this",
            "module.eks.aws_iam_role_policy_attachment.cluster_AmazonEKSServicePolicy",
            "module.eks.aws_security_group_rule.cluster_https_worker_ingress",
            "module.eks.aws_security_group_rule.workers_ingress_cluster_kubelet",
            "module.eks.data.aws_iam_role.custom_cluster_iam_role",
            "module.eks.random_pet.workers"
          ],
          "create_before_destroy": true
        }
      ]
    },
    {
      "module": "module.eks",
      "mode": "managed",
      "type": "aws_eks_cluster",
      "name": "this",
      "provider": "provider[\"registry.terraform.io/hashicorp/aws\"]",
      "instances": [
        {
          "index_key": 0,
          "schema_version": 0,
          "attributes": {
            "arn": "arn:aws:eks:ap-south-1:433581887735:cluster/tfone",
            "certificate_authority": [
              {
                "data": "LS0tLS1CRUdJTiBDRVJUSUZJQ0FURS0tLS0tCk1JSUN5RENDQWJDZ0F3SUJBZ0lCQURBTkJna3Foa2lHOXcwQkFRc0ZBREFWTVJNd0VRWURWUVFERXdwcmRXSmwKY201bGRHVnpNQjRYRFRJeE1EVXhOakE1TURreU5Wb1hEVE14TURVeE5EQTVNRGt5TlZvd0ZURVRNQkVHQTFVRQpBeE1LYTNWaVpYSnVaWFJsY3pDQ0FTSXdEUVlKS29aSWh2Y05BUUVCQlFBRGdnRVBBRENDQVFvQ2dnRUJBTSt1CnM5YmV3U1VVMXZId3pEaVY2V05LY21ZR0RmVGRVNnZsbjQzQkIwM2s0dEFpdG5IZ3h1b0cvUjdzSEdNKzd5dTUKczR0OHZWcGoyVlQ1bmRub3hOVGhvN2pBL2djZXUxRWprOGMvTTF5Q0Rud3FqQksvNkRzd0x4d2hMZDFsR04xRwpxSTZkOGg5SzlqUHNublNuMGtMNW5NT0p5SEpqaHRrR1RUeDFna0pRbktQZDd5T3FCTHVHejVwYjYyK2FZc2NVCnBMdmlVcHhiKzd3NFJiS1V4NnNrNXJHK1VhaE02ejIrZWhoNDZLK2lPM1ZKRG55ZzYxWFFDc0hRVFlaOEZQL0wKb1BQRWczaW5UN0lIZFRIeXM2eWFnSThCMWtiVXUzWmkvYW5pclNzOXJES0Ftd1lQZDBwSFRiOTRFRTFHcW1QRApYeWhsdGlZZXhIeGQ5VVdPZjlrQ0F3RUFBYU1qTUNFd0RnWURWUjBQQVFIL0JBUURBZ0trTUE4R0ExVWRFd0VCCi93UUZNQU1CQWY4d0RRWUpLb1pJaHZjTkFRRUxCUUFEZ2dFQkFJY1YxMzk1Mlgvb2o1dWN6SEFsSVVTMElacWQKQit0bkRNQTkrV3hvOGl0Ni9ENkdKSGdjMFBuYWtVTEVvVHkvaWttcFZXWEUrVHNscmVlOHl1QnU0TUJOQ1FFOApIV05aTGF5WURPTDM2bit2V2tvcFUvWGYrc3c1TGs5YjYwenlnZllIRE44Nng3ZVF6TDkrQ0ZkMlBtcU5uQ1EwCjJDY1Jna3MvVjkzZmhMOEtacWdjOE5GUURjZlRLTWRPT1ZIZitzNFhYWmlnN0JuN2dUMzJWT2czYWV3akxzSG8KbW9GUUJGRlJPNll5TFhHcEtOaHg4TUx4d0txOHlkbm9iYXBHNkVxdlpsbGV0WmFMQmZnd1NvNGxGVEhFbk0weAo2Y1NBc3g3dnpsNkVxVTdJaEh6NG9YbU1Ua2l4WUpiYWVQcGxsNEcyRnBmclE1TktXOUt4bnF1YWdHND0KLS0tLS1FTkQgQ0VSVElGSUNBVEUtLS0tLQo="
              }
            ],
            "created_at": "2021-05-16 09:03:55.85 +0000 UTC",
            "enabled_cluster_log_types": [],
            "encryption_config": [],
            "endpoint": "https://204B14EB56E80EFA24ED573B76F0D54B.sk1.ap-south-1.eks.amazonaws.com",
            "id": "tfone",
            "identity": [
              {
                "oidc": [
                  {
                    "issuer": "https://oidc.eks.ap-south-1.amazonaws.com/id/204B14EB56E80EFA24ED573B76F0D54B"
                  }
                ]
              }
            ],
            "kubernetes_network_config": [
              {
                "service_ipv4_cidr": "172.20.0.0/16"
              }
            ],
            "name": "tfone",
            "platform_version": "eks.6",
            "role_arn": "arn:aws:iam::433581887735:role/tfone20210516090331106500000001",
            "status": "ACTIVE",
            "tags": {
              "Managed By": "Terraform",
              "environment": "dev",
              "project": "terraform"
            },
            "tags_all": {
              "Managed By": "Terraform",
              "environment": "dev",
              "project": "terraform"
            },
            "timeouts": {
              "create": "30m",
              "delete": "15m",
              "update": null
            },
            "version": "1.18",
            "vpc_config": [
              {
                "cluster_security_group_id": "sg-01e5bf96eafed6745",
                "endpoint_private_access": false,
                "endpoint_public_access": true,
                "public_access_cidrs": [
                  "0.0.0.0/0"
                ],
                "security_group_ids": [
                  "sg-0c7fc29b70b669dd7"
                ],
                "subnet_ids": [
                  "subnet-0090b6f567f7cf6cf",
                  "subnet-03b54de23e16a0495",
                  "subnet-0efa1a8862fa1fd4f"
                ],
                "vpc_id": "vpc-0359617ca21416380"
              }
            ]
          },
          "sensitive_attributes": [],
          "private": "eyJlMmJmYjczMC1lY2FhLTExZTYtOGY4OC0zNDM2M2JjN2M0YzAiOnsiY3JlYXRlIjoxODAwMDAwMDAwMDAwLCJkZWxldGUiOjkwMDAwMDAwMDAwMCwidXBkYXRlIjozNjAwMDAwMDAwMDAwfX0=",
          "dependencies": [
            "module.eks.aws_security_group.cluster",
            "module.eks.aws_security_group.workers",
            "module.vpc.aws_subnet.private",
            "module.eks.data.aws_iam_policy_document.cluster_assume_role_policy",
            "module.vpc.aws_vpc.this",
            "data.aws_availability_zones.available",
            "module.eks.aws_iam_role.cluster",
            "module.eks.aws_iam_role_policy_attachment.cluster_AmazonEKSVPCResourceControllerPolicy",
            "module.eks.aws_security_group_rule.cluster_egress_internet",
            "module.eks.aws_security_group_rule.cluster_https_worker_ingress",
            "module.eks.aws_iam_role_policy_attachment.cluster_AmazonEKSClusterPolicy",
            "module.eks.aws_iam_role_policy_attachment.cluster_AmazonEKSServicePolicy",
            "module.eks.aws_cloudwatch_log_group.this",
            "module.eks.data.aws_iam_role.custom_cluster_iam_role",
            "module.eks.data.aws_partition.current",
            "module.vpc.aws_vpc_ipv4_cidr_block_association.this"
          ],
          "create_before_destroy": true
        }
      ]
    },
    {
      "module": "module.eks",
      "mode": "managed",
      "type": "aws_iam_instance_profile",
      "name": "workers",
      "provider": "provider[\"registry.terraform.io/hashicorp/aws\"]",
      "instances": [
        {
          "index_key": 0,
          "schema_version": 0,
          "attributes": {
            "arn": "arn:aws:iam::433581887735:instance-profile/tfone2021051609123434610000000e",
            "create_date": "2021-05-16T09:12:36Z",
            "id": "tfone2021051609123434610000000e",
            "name": "tfone2021051609123434610000000e",
            "name_prefix": "tfone",
            "path": "/",
            "role": "tfone2021051609122705180000000c",
            "tags": {
              "Managed By": "Terraform",
              "environment": "dev",
              "project": "terraform"
            },
            "tags_all": {
              "Managed By": "Terraform",
              "environment": "dev",
              "project": "terraform"
            },
            "unique_id": "AIPAWJ436SD3XE266B3NO"
          },
          "sensitive_attributes": [],
          "private": "bnVsbA==",
          "dependencies": [
            "module.eks.data.aws_partition.current",
            "aws_security_group.worker_group_mgmt_two",
            "data.aws_availability_zones.available",
            "module.eks.aws_security_group.cluster",
            "module.eks.aws_iam_role_policy_attachment.cluster_AmazonEKSServicePolicy",
            "module.eks.aws_iam_role_policy_attachment.cluster_AmazonEKSVPCResourceControllerPolicy",
            "module.eks.aws_security_group_rule.cluster_egress_internet",
            "module.vpc.aws_subnet.private",
            "module.vpc.aws_vpc_ipv4_cidr_block_association.this",
            "module.eks.aws_cloudwatch_log_group.this",
            "module.eks.aws_eks_cluster.this",
            "module.eks.aws_iam_role_policy_attachment.cluster_AmazonEKSClusterPolicy",
            "module.eks.aws_security_group.workers",
            "module.eks.data.aws_iam_policy_document.workers_assume_role_policy",
            "module.eks.data.aws_iam_role.custom_cluster_iam_role",
            "module.vpc.aws_vpc.this",
            "aws_security_group.worker_group_mgmt_one",
            "module.eks.aws_iam_role.cluster",
            "module.eks.aws_iam_role.workers",
            "module.eks.aws_security_group_rule.cluster_https_worker_ingress",
            "module.eks.data.aws_iam_policy_document.cluster_assume_role_policy"
          ],
          "create_before_destroy": true
        },
        {
          "index_key": 1,
          "schema_version": 0,
          "attributes": {
            "arn": "arn:aws:iam::433581887735:instance-profile/tfone2021051609123434610000000d",
            "create_date": "2021-05-16T09:12:36Z",
            "id": "tfone2021051609123434610000000d",
            "name": "tfone2021051609123434610000000d",
            "name_prefix": "tfone",
            "path": "/",
            "role": "tfone2021051609122705180000000c",
            "tags": {
              "Managed By": "Terraform",
              "environment": "dev",
              "project": "terraform"
            },
            "tags_all": {
              "Managed By": "Terraform",
              "environment": "dev",
              "project": "terraform"
            },
            "unique_id": "AIPAWJ436SD336F2LCBJL"
          },
          "sensitive_attributes": [],
          "private": "bnVsbA==",
          "dependencies": [
            "module.eks.data.aws_iam_role.custom_cluster_iam_role",
            "module.eks.aws_cloudwatch_log_group.this",
            "module.eks.aws_security_group.workers",
            "module.eks.aws_security_group_rule.cluster_egress_internet",
            "module.eks.aws_security_group_rule.cluster_https_worker_ingress",
            "aws_security_group.worker_group_mgmt_one",
            "data.aws_availability_zones.available",
            "module.eks.aws_eks_cluster.this",
            "module.eks.aws_iam_role.cluster",
            "module.eks.aws_security_group.cluster",
            "module.eks.data.aws_iam_policy_document.workers_assume_role_policy",
            "module.eks.data.aws_partition.current",
            "module.vpc.aws_subnet.private",
            "aws_security_group.worker_group_mgmt_two",
            "module.eks.aws_iam_role_policy_attachment.cluster_AmazonEKSClusterPolicy",
            "module.eks.aws_iam_role_policy_attachment.cluster_AmazonEKSServicePolicy",
            "module.eks.aws_iam_role_policy_attachment.cluster_AmazonEKSVPCResourceControllerPolicy",
            "module.eks.aws_iam_role.workers",
            "module.eks.data.aws_iam_policy_document.cluster_assume_role_policy",
            "module.vpc.aws_vpc.this",
            "module.vpc.aws_vpc_ipv4_cidr_block_association.this"
          ],
          "create_before_destroy": true
        }
      ]
    },
    {
      "module": "module.eks",
      "mode": "managed",
      "type": "aws_iam_policy",
      "name": "cluster_elb_sl_role_creation",
      "provider": "provider[\"registry.terraform.io/hashicorp/aws\"]",
      "instances": [
        {
          "index_key": 0,
          "schema_version": 0,
          "attributes": {
            "arn": "arn:aws:iam::433581887735:policy/tfone-elb-sl-role-creation20210516090331107600000002",
            "description": "Permissions for EKS to create AWSServiceRoleForElasticLoadBalancing service-linked role",
            "id": "arn:aws:iam::433581887735:policy/tfone-elb-sl-role-creation20210516090331107600000002",
            "name": "tfone-elb-sl-role-creation20210516090331107600000002",
            "name_prefix": "tfone-elb-sl-role-creation",
            "path": "/",
            "policy": "{\n  \"Version\": \"2012-10-17\",\n  \"Statement\": [\n    {\n      \"Sid\": \"\",\n      \"Effect\": \"Allow\",\n      \"Action\": [\n        \"ec2:DescribeInternetGateways\",\n        \"ec2:DescribeAddresses\",\n        \"ec2:DescribeAccountAttributes\"\n      ],\n      \"Resource\": \"*\"\n    }\n  ]\n}",
            "policy_id": "ANPAWJ436SD3VNXIM6XCX",
            "tags": {
              "Managed By": "Terraform",
              "environment": "dev",
              "project": "terraform"
            },
            "tags_all": {
              "Managed By": "Terraform",
              "environment": "dev",
              "project": "terraform"
            }
          },
          "sensitive_attributes": [],
          "private": "bnVsbA==",
          "dependencies": [
            "module.eks.data.aws_iam_policy_document.cluster_elb_sl_role_creation"
          ]
        }
      ]
    },
    {
      "module": "module.eks",
      "mode": "managed",
      "type": "aws_iam_role",
      "name": "cluster",
      "provider": "provider[\"registry.terraform.io/hashicorp/aws\"]",
      "instances": [
        {
          "index_key": 0,
          "schema_version": 0,
          "attributes": {
            "arn": "arn:aws:iam::433581887735:role/tfone20210516090331106500000001",
            "assume_role_policy": "{\"Version\":\"2012-10-17\",\"Statement\":[{\"Sid\":\"EKSClusterAssumeRole\",\"Effect\":\"Allow\",\"Principal\":{\"Service\":\"eks.amazonaws.com\"},\"Action\":\"sts:AssumeRole\"}]}",
            "create_date": "2021-05-16T09:03:33Z",
            "description": "",
            "force_detach_policies": true,
            "id": "tfone20210516090331106500000001",
            "inline_policy": [
              {
                "name": "",
                "policy": ""
              }
            ],
            "managed_policy_arns": [
              "arn:aws:iam::433581887735:policy/tfone-elb-sl-role-creation20210516090331107600000002",
              "arn:aws:iam::aws:policy/AmazonEKSClusterPolicy",
              "arn:aws:iam::aws:policy/AmazonEKSServicePolicy",
              "arn:aws:iam::aws:policy/AmazonEKSVPCResourceController"
            ],
            "max_session_duration": 3600,
            "name": "tfone20210516090331106500000001",
            "name_prefix": "tfone",
            "path": "/",
            "permissions_boundary": null,
            "tags": {
              "Managed By": "Terraform",
              "environment": "dev",
              "project": "terraform"
            },
            "tags_all": {
              "Managed By": "Terraform",
              "environment": "dev",
              "project": "terraform"
            },
            "unique_id": "AROAWJ436SD3XX7JM3VI7"
          },
          "sensitive_attributes": [],
          "private": "bnVsbA==",
          "dependencies": [
            "module.eks.data.aws_iam_policy_document.cluster_assume_role_policy"
          ],
          "create_before_destroy": true
        }
      ]
    },
    {
      "module": "module.eks",
      "mode": "managed",
      "type": "aws_iam_role",
      "name": "workers",
      "provider": "provider[\"registry.terraform.io/hashicorp/aws\"]",
      "instances": [
        {
          "index_key": 0,
          "schema_version": 0,
          "attributes": {
            "arn": "arn:aws:iam::433581887735:role/tfone2021051609122705180000000c",
            "assume_role_policy": "{\"Version\":\"2012-10-17\",\"Statement\":[{\"Sid\":\"EKSWorkerAssumeRole\",\"Effect\":\"Allow\",\"Principal\":{\"Service\":\"ec2.amazonaws.com\"},\"Action\":\"sts:AssumeRole\"}]}",
            "create_date": "2021-05-16T09:12:29Z",
            "description": "",
            "force_detach_policies": true,
            "id": "tfone2021051609122705180000000c",
            "inline_policy": [
              {
                "name": "",
                "policy": ""
              }
            ],
            "managed_policy_arns": [
              "arn:aws:iam::aws:policy/AmazonEC2ContainerRegistryReadOnly",
              "arn:aws:iam::aws:policy/AmazonEKSWorkerNodePolicy",
              "arn:aws:iam::aws:policy/AmazonEKS_CNI_Policy"
            ],
            "max_session_duration": 3600,
            "name": "tfone2021051609122705180000000c",
            "name_prefix": "tfone",
            "path": "/",
            "permissions_boundary": null,
            "tags": {
              "Managed By": "Terraform",
              "environment": "dev",
              "project": "terraform"
            },
            "tags_all": {
              "Managed By": "Terraform",
              "environment": "dev",
              "project": "terraform"
            },
            "unique_id": "AROAWJ436SD3TTCSMEXDW"
          },
          "sensitive_attributes": [],
          "private": "bnVsbA==",
          "dependencies": [
            "module.eks.aws_security_group_rule.cluster_https_worker_ingress",
            "module.vpc.aws_subnet.private",
            "module.eks.aws_iam_role_policy_attachment.cluster_AmazonEKSServicePolicy",
            "module.eks.aws_iam_role_policy_attachment.cluster_AmazonEKSVPCResourceControllerPolicy",
            "module.eks.aws_security_group_rule.cluster_egress_internet",
            "module.eks.data.aws_iam_policy_document.cluster_assume_role_policy",
            "module.eks.data.aws_iam_policy_document.workers_assume_role_policy",
            "module.eks.data.aws_iam_role.custom_cluster_iam_role",
            "module.eks.aws_cloudwatch_log_group.this",
            "module.eks.aws_iam_role_policy_attachment.cluster_AmazonEKSClusterPolicy",
            "module.eks.data.aws_partition.current",
            "module.vpc.aws_vpc_ipv4_cidr_block_association.this",
            "module.vpc.aws_vpc.this",
            "data.aws_availability_zones.available",
            "module.eks.aws_security_group.cluster",
            "module.eks.aws_security_group.workers",
            "module.eks.aws_eks_cluster.this",
            "module.eks.aws_iam_role.cluster"
          ],
          "create_before_destroy": true
        }
      ]
    },
    {
      "module": "module.eks",
      "mode": "managed",
      "type": "aws_iam_role_policy_attachment",
      "name": "cluster_AmazonEKSClusterPolicy",
      "provider": "provider[\"registry.terraform.io/hashicorp/aws\"]",
      "instances": [
        {
          "index_key": 0,
          "schema_version": 0,
          "attributes": {
            "id": "tfone20210516090331106500000001-20210516090341698900000005",
            "policy_arn": "arn:aws:iam::aws:policy/AmazonEKSClusterPolicy",
            "role": "tfone20210516090331106500000001"
          },
          "sensitive_attributes": [],
          "private": "bnVsbA==",
          "dependencies": [
            "module.eks.aws_iam_role.cluster",
            "module.eks.data.aws_iam_policy_document.cluster_assume_role_policy",
            "module.eks.data.aws_partition.current"
          ],
          "create_before_destroy": true
        }
      ]
    },
    {
      "module": "module.eks",
      "mode": "managed",
      "type": "aws_iam_role_policy_attachment",
      "name": "cluster_AmazonEKSServicePolicy",
      "provider": "provider[\"registry.terraform.io/hashicorp/aws\"]",
      "instances": [
        {
          "index_key": 0,
          "schema_version": 0,
          "attributes": {
            "id": "tfone20210516090331106500000001-20210516090340038600000003",
            "policy_arn": "arn:aws:iam::aws:policy/AmazonEKSServicePolicy",
            "role": "tfone20210516090331106500000001"
          },
          "sensitive_attributes": [],
          "private": "bnVsbA==",
          "dependencies": [
            "module.eks.aws_iam_role.cluster",
            "module.eks.data.aws_iam_policy_document.cluster_assume_role_policy",
            "module.eks.data.aws_partition.current"
          ],
          "create_before_destroy": true
        }
      ]
    },
    {
      "module": "module.eks",
      "mode": "managed",
      "type": "aws_iam_role_policy_attachment",
      "name": "cluster_AmazonEKSVPCResourceControllerPolicy",
      "provider": "provider[\"registry.terraform.io/hashicorp/aws\"]",
      "instances": [
        {
          "index_key": 0,
          "schema_version": 0,
          "attributes": {
            "id": "tfone20210516090331106500000001-20210516090341928600000006",
            "policy_arn": "arn:aws:iam::aws:policy/AmazonEKSVPCResourceController",
            "role": "tfone20210516090331106500000001"
          },
          "sensitive_attributes": [],
          "private": "bnVsbA==",
          "dependencies": [
            "module.eks.aws_iam_role.cluster",
            "module.eks.data.aws_iam_policy_document.cluster_assume_role_policy",
            "module.eks.data.aws_partition.current"
          ],
          "create_before_destroy": true
        }
      ]
    },
    {
      "module": "module.eks",
      "mode": "managed",
      "type": "aws_iam_role_policy_attachment",
      "name": "cluster_elb_sl_role_creation",
      "provider": "provider[\"registry.terraform.io/hashicorp/aws\"]",
      "instances": [
        {
          "index_key": 0,
          "schema_version": 0,
          "attributes": {
            "id": "tfone20210516090331106500000001-20210516090340048200000004",
            "policy_arn": "arn:aws:iam::433581887735:policy/tfone-elb-sl-role-creation20210516090331107600000002",
            "role": "tfone20210516090331106500000001"
          },
          "sensitive_attributes": [],
          "private": "bnVsbA==",
          "dependencies": [
            "module.eks.data.aws_iam_policy_document.cluster_elb_sl_role_creation",
            "module.eks.aws_iam_policy.cluster_elb_sl_role_creation",
            "module.eks.aws_iam_role.cluster",
            "module.eks.data.aws_iam_policy_document.cluster_assume_role_policy"
          ]
        }
      ]
    },
    {
      "module": "module.eks",
      "mode": "managed",
      "type": "aws_iam_role_policy_attachment",
      "name": "workers_AmazonEC2ContainerRegistryReadOnly",
      "provider": "provider[\"registry.terraform.io/hashicorp/aws\"]",
      "instances": [
        {
          "index_key": 0,
          "schema_version": 0,
          "attributes": {
            "id": "tfone2021051609122705180000000c-20210516091235731300000010",
            "policy_arn": "arn:aws:iam::aws:policy/AmazonEC2ContainerRegistryReadOnly",
            "role": "tfone2021051609122705180000000c"
          },
          "sensitive_attributes": [],
          "private": "bnVsbA==",
          "dependencies": [
            "module.eks.aws_iam_role_policy_attachment.cluster_AmazonEKSVPCResourceControllerPolicy",
            "module.eks.data.aws_iam_policy_document.cluster_assume_role_policy",
            "module.vpc.aws_vpc.this",
            "module.eks.data.aws_iam_role.custom_cluster_iam_role",
            "module.eks.aws_iam_role.cluster",
            "module.eks.aws_iam_role_policy_attachment.cluster_AmazonEKSServicePolicy",
            "module.eks.aws_security_group_rule.cluster_egress_internet",
            "module.eks.aws_security_group_rule.cluster_https_worker_ingress",
            "module.eks.data.aws_iam_policy_document.workers_assume_role_policy",
            "module.vpc.aws_subnet.private",
            "module.eks.aws_eks_cluster.this",
            "module.eks.aws_iam_role.workers",
            "module.eks.aws_iam_role_policy_attachment.cluster_AmazonEKSClusterPolicy",
            "module.eks.aws_security_group.cluster",
            "module.eks.data.aws_partition.current",
            "data.aws_availability_zones.available",
            "module.eks.aws_cloudwatch_log_group.this",
            "module.eks.aws_security_group.workers",
            "module.vpc.aws_vpc_ipv4_cidr_block_association.this"
          ],
          "create_before_destroy": true
        }
      ]
    },
    {
      "module": "module.eks",
      "mode": "managed",
      "type": "aws_iam_role_policy_attachment",
      "name": "workers_AmazonEKSWorkerNodePolicy",
      "provider": "provider[\"registry.terraform.io/hashicorp/aws\"]",
      "instances": [
        {
          "index_key": 0,
          "schema_version": 0,
          "attributes": {
            "id": "tfone2021051609122705180000000c-2021051609123547630000000f",
            "policy_arn": "arn:aws:iam::aws:policy/AmazonEKSWorkerNodePolicy",
            "role": "tfone2021051609122705180000000c"
          },
          "sensitive_attributes": [],
          "private": "bnVsbA==",
          "dependencies": [
            "module.eks.data.aws_iam_policy_document.cluster_assume_role_policy",
            "module.eks.data.aws_iam_role.custom_cluster_iam_role",
            "data.aws_availability_zones.available",
            "module.eks.aws_iam_role_policy_attachment.cluster_AmazonEKSClusterPolicy",
            "module.eks.data.aws_iam_policy_document.workers_assume_role_policy",
            "module.eks.data.aws_partition.current",
            "module.vpc.aws_subnet.private",
            "module.eks.aws_iam_role.cluster",
            "module.eks.aws_iam_role.workers",
            "module.eks.aws_security_group.cluster",
            "module.eks.aws_security_group.workers",
            "module.eks.aws_cloudwatch_log_group.this",
            "module.eks.aws_iam_role_policy_attachment.cluster_AmazonEKSServicePolicy",
            "module.eks.aws_security_group_rule.cluster_egress_internet",
            "module.eks.aws_security_group_rule.cluster_https_worker_ingress",
            "module.vpc.aws_vpc.this",
            "module.vpc.aws_vpc_ipv4_cidr_block_association.this",
            "module.eks.aws_eks_cluster.this",
            "module.eks.aws_iam_role_policy_attachment.cluster_AmazonEKSVPCResourceControllerPolicy"
          ],
          "create_before_destroy": true
        }
      ]
    },
    {
      "module": "module.eks",
      "mode": "managed",
      "type": "aws_iam_role_policy_attachment",
      "name": "workers_AmazonEKS_CNI_Policy",
      "provider": "provider[\"registry.terraform.io/hashicorp/aws\"]",
      "instances": [
        {
          "index_key": 0,
          "schema_version": 0,
          "attributes": {
            "id": "tfone2021051609122705180000000c-20210516091236374200000011",
            "policy_arn": "arn:aws:iam::aws:policy/AmazonEKS_CNI_Policy",
            "role": "tfone2021051609122705180000000c"
          },
          "sensitive_attributes": [],
          "private": "bnVsbA==",
          "dependencies": [
            "data.aws_availability_zones.available",
            "module.eks.aws_iam_role.cluster",
            "module.eks.aws_iam_role.workers",
            "module.eks.aws_iam_role_policy_attachment.cluster_AmazonEKSClusterPolicy",
            "module.eks.aws_iam_role_policy_attachment.cluster_AmazonEKSVPCResourceControllerPolicy",
            "module.eks.aws_security_group.cluster",
            "module.eks.aws_security_group_rule.cluster_https_worker_ingress",
            "module.eks.data.aws_iam_policy_document.workers_assume_role_policy",
            "module.eks.aws_cloudwatch_log_group.this",
            "module.eks.aws_eks_cluster.this",
            "module.eks.aws_security_group_rule.cluster_egress_internet",
            "module.eks.data.aws_iam_role.custom_cluster_iam_role",
            "module.eks.aws_security_group.workers",
            "module.eks.data.aws_iam_policy_document.cluster_assume_role_policy",
            "module.eks.data.aws_partition.current",
            "module.eks.aws_iam_role_policy_attachment.cluster_AmazonEKSServicePolicy",
            "module.vpc.aws_subnet.private",
            "module.vpc.aws_vpc.this",
            "module.vpc.aws_vpc_ipv4_cidr_block_association.this"
          ],
          "create_before_destroy": true
        }
      ]
    },
    {
      "module": "module.eks",
      "mode": "managed",
      "type": "aws_launch_configuration",
      "name": "workers",
      "provider": "provider[\"registry.terraform.io/hashicorp/aws\"]",
      "instances": [
        {
          "index_key": 0,
          "schema_version": 0,
          "attributes": {
            "arn": "arn:aws:autoscaling:ap-south-1:433581887735:launchConfiguration:158ab65c-bf7f-48f7-9973-f366e04ee922:launchConfigurationName/tfone-worker-group-120210516091250667900000013",
            "associate_public_ip_address": false,
            "ebs_block_device": [],
            "ebs_optimized": false,
            "enable_monitoring": true,
            "ephemeral_block_device": [],
            "iam_instance_profile": "tfone2021051609123434610000000e",
            "id": "tfone-worker-group-120210516091250667900000013",
            "image_id": "ami-0a0aeb8843fca6388",
            "instance_type": "t2.small",
            "key_name": "",
            "metadata_options": [
              {
                "http_endpoint": "enabled",
                "http_put_response_hop_limit": 1,
                "http_tokens": "optional"
              }
            ],
            "name": "tfone-worker-group-120210516091250667900000013",
            "name_prefix": "tfone-worker-group-1",
            "placement_tenancy": "",
            "root_block_device": [
              {
                "delete_on_termination": true,
                "encrypted": false,
                "iops": 0,
                "volume_size": 100,
                "volume_type": "gp2"
              }
            ],
            "security_groups": [
              "sg-09330e300fdb81472",
              "sg-0a652431b8f88214a"
            ],
            "spot_price": "",
            "user_data": null,
            "user_data_base64": "IyEvYmluL2Jhc2ggLWUKCiMgQWxsb3cgdXNlciBzdXBwbGllZCBwcmUgdXNlcmRhdGEgY29kZQoKCiMgQm9vdHN0cmFwIGFuZCBqb2luIHRoZSBjbHVzdGVyCi9ldGMvZWtzL2Jvb3RzdHJhcC5zaCAtLWI2NC1jbHVzdGVyLWNhICdMUzB0TFMxQ1JVZEpUaUJEUlZKVVNVWkpRMEZVUlMwdExTMHRDazFKU1VONVJFTkRRV0pEWjBGM1NVSkJaMGxDUVVSQlRrSm5hM0ZvYTJsSE9YY3dRa0ZSYzBaQlJFRldUVkpOZDBWUldVUldVVkZFUlhkd2NtUlhTbXdLWTIwMWJHUkhWbnBOUWpSWVJGUkplRTFFVlhoT2FrRTFUVVJyZVU1V2IxaEVWRTE0VFVSVmVFNUVRVFZOUkd0NVRsWnZkMFpVUlZSTlFrVkhRVEZWUlFwQmVFMUxZVE5XYVZwWVNuVmFXRkpzWTNwRFEwRlRTWGRFVVZsS1MyOWFTV2gyWTA1QlVVVkNRbEZCUkdkblJWQkJSRU5EUVZGdlEyZG5SVUpCVFN0MUNuTTVZbVYzVTFWVk1YWklkM3BFYVZZMlYwNUxZMjFaUjBSbVZHUlZOblpzYmpRelFrSXdNMnMwZEVGcGRHNUlaM2gxYjBjdlVqZHpTRWROS3pkNWRUVUtjelIwT0haV2NHb3lWbFExYm1SdWIzaE9WR2h2TjJwQkwyZGpaWFV4Uldwck9HTXZUVEY1UTBSdWQzRnFRa3N2TmtSemQweDRkMmhNWkRGc1IwNHhSd3B4U1Raa09HZzVTemxxVUhOdWJsTnVNR3RNTlc1TlQwcDVTRXBxYUhSclIxUlVlREZuYTBwUmJrdFFaRGQ1VDNGQ1RIVkhlalZ3WWpZeUsyRlpjMk5WQ25CTWRtbFZjSGhpS3pkM05GSmlTMVY0Tm5Ock5YSkhLMVZoYUUwMmVqSXJaV2hvTkRaTEsybFBNMVpLUkc1NVp6WXhXRkZEYzBoUlZGbGFPRVpRTDB3S2IxQlFSV2N6YVc1VU4wbElaRlJJZVhNMmVXRm5TVGhDTVd0aVZYVXpXbWt2WVc1cGNsTnpPWEpFUzBGdGQxbFFaREJ3U0ZSaU9UUkZSVEZIY1cxUVJBcFllV2hzZEdsWlpYaEllR1E1VlZkUFpqbHJRMEYzUlVGQllVMXFUVU5GZDBSbldVUldVakJRUVZGSUwwSkJVVVJCWjB0clRVRTRSMEV4VldSRmQwVkNDaTkzVVVaTlFVMUNRV1k0ZDBSUldVcExiMXBKYUhaalRrRlJSVXhDVVVGRVoyZEZRa0ZKWTFZeE16azFNbGd2YjJvMWRXTjZTRUZzU1ZWVE1FbGFjV1FLUWl0MGJrUk5RVGtyVjNodk9HbDBOaTlFTmtkS1NHZGpNRkJ1WVd0VlRFVnZWSGt2YVd0dGNGWlhXRVVyVkhOc2NtVmxPSGwxUW5VMFRVSk9RMUZGT0FwSVYwNWFUR0Y1V1VSUFRETTJiaXQyVjJ0dmNGVXZXR1lyYzNjMVRHczVZall3ZW5sblpsbElSRTQ0Tm5nM1pWRjZURGtyUTBaa01sQnRjVTV1UTFFd0NqSkRZMUpuYTNNdlZqa3pabWhNT0V0YWNXZGpPRTVHVVVSalpsUkxUV1JQVDFaSVppdHpORmhZV21sbk4wSnVOMmRVTXpKV1QyY3pZV1YzYWt4elNHOEtiVzlHVVVKR1JsSlBObGw1VEZoSGNFdE9hSGc0VFV4NGQwdHhPSGxrYm05aVlYQkhOa1Z4ZGxwc2JHVjBXbUZNUW1abmQxTnZOR3hHVkVoRmJrMHdlQW8yWTFOQmMzZzNkbnBzTmtWeFZUZEphRWg2Tkc5WWJVMVVhMmw0V1VwaVlXVlFjR3hzTkVjeVJuQm1jbEUxVGt0WE9VdDRibkYxWVdkSE5EMEtMUzB0TFMxRlRrUWdRMFZTVkVsR1NVTkJWRVV0TFMwdExRbz0nIC0tYXBpc2VydmVyLWVuZHBvaW50ICdodHRwczovLzIwNEIxNEVCNTZFODBFRkEyNEVENTczQjc2RjBENTRCLnNrMS5hcC1zb3V0aC0xLmVrcy5hbWF6b25hd3MuY29tJyAgLS1rdWJlbGV0LWV4dHJhLWFyZ3MgIiIgJ3Rmb25lJwoKIyBBbGxvdyB1c2VyIHN1cHBsaWVkIHVzZXJkYXRhIGNvZGUKZWNobyBmb28gYmFyCg==",
            "vpc_classic_link_id": "",
            "vpc_classic_link_security_groups": []
          },
          "sensitive_attributes": [],
          "private": "bnVsbA==",
          "dependencies": [
            "module.eks.aws_eks_cluster.this",
            "module.eks.data.template_file.userdata",
            "module.vpc.aws_vpc.this",
            "aws_security_group.worker_group_mgmt_one",
            "module.eks.aws_security_group_rule.cluster_egress_internet",
            "module.eks.aws_security_group_rule.cluster_https_worker_ingress",
            "module.eks.aws_iam_role.cluster",
            "module.eks.aws_iam_role_policy_attachment.workers_AmazonEC2ContainerRegistryReadOnly",
            "module.eks.aws_security_group_rule.cluster_primary_ingress_workers",
            "module.eks.data.aws_partition.current",
            "module.eks.aws_iam_role_policy_attachment.workers_additional_policies",
            "module.eks.aws_security_group_rule.workers_ingress_self",
            "module.eks.data.aws_iam_instance_profile.custom_worker_group_iam_instance_profile",
            "module.eks.aws_cloudwatch_log_group.this",
            "module.eks.aws_iam_role_policy_attachment.cluster_AmazonEKSVPCResourceControllerPolicy",
            "module.eks.aws_iam_role_policy_attachment.workers_AmazonEKS_CNI_Policy",
            "module.eks.aws_security_group.workers",
            "module.eks.aws_security_group_rule.workers_ingress_cluster_https",
            "module.vpc.aws_subnet.private",
            "module.vpc.aws_vpc_ipv4_cidr_block_association.this",
            "module.eks.aws_iam_role.workers",
            "module.eks.aws_iam_role_policy_attachment.cluster_AmazonEKSServicePolicy",
            "module.eks.aws_security_group.cluster",
            "module.eks.aws_security_group_rule.workers_egress_internet",
            "data.aws_availability_zones.available",
            "module.eks.aws_iam_role_policy_attachment.cluster_AmazonEKSClusterPolicy",
            "module.eks.aws_iam_role_policy_attachment.workers_AmazonEKSWorkerNodePolicy",
            "module.eks.aws_security_group_rule.workers_ingress_cluster",
            "module.eks.data.aws_iam_policy_document.cluster_assume_role_policy",
            "module.eks.data.aws_iam_role.custom_cluster_iam_role",
            "aws_security_group.worker_group_mgmt_two",
            "module.eks.aws_iam_instance_profile.workers",
            "module.eks.aws_security_group_rule.workers_ingress_cluster_kubelet",
            "module.eks.aws_security_group_rule.workers_ingress_cluster_primary",
            "module.eks.data.aws_ami.eks_worker",
            "module.eks.data.aws_ami.eks_worker_windows",
            "module.eks.data.aws_iam_policy_document.workers_assume_role_policy"
          ],
          "create_before_destroy": true
        },
        {
          "index_key": 1,
          "schema_version": 0,
          "attributes": {
            "arn": "arn:aws:autoscaling:ap-south-1:433581887735:launchConfiguration:0418b549-2eb6-4aee-8635-5470b4c22c4d:launchConfigurationName/tfone-worker-group-220210516091250385300000012",
            "associate_public_ip_address": false,
            "ebs_block_device": [],
            "ebs_optimized": false,
            "enable_monitoring": true,
            "ephemeral_block_device": [],
            "iam_instance_profile": "tfone2021051609123434610000000d",
            "id": "tfone-worker-group-220210516091250385300000012",
            "image_id": "ami-0a0aeb8843fca6388",
            "instance_type": "t2.medium",
            "key_name": "",
            "metadata_options": [
              {
                "http_endpoint": "enabled",
                "http_put_response_hop_limit": 1,
                "http_tokens": "optional"
              }
            ],
            "name": "tfone-worker-group-220210516091250385300000012",
            "name_prefix": "tfone-worker-group-2",
            "placement_tenancy": "",
            "root_block_device": [
              {
                "delete_on_termination": true,
                "encrypted": false,
                "iops": 0,
                "volume_size": 100,
                "volume_type": "gp2"
              }
            ],
            "security_groups": [
              "sg-09330e300fdb81472",
              "sg-0a122431ee6fbeeb1"
            ],
            "spot_price": "",
            "user_data": null,
            "user_data_base64": "IyEvYmluL2Jhc2ggLWUKCiMgQWxsb3cgdXNlciBzdXBwbGllZCBwcmUgdXNlcmRhdGEgY29kZQoKCiMgQm9vdHN0cmFwIGFuZCBqb2luIHRoZSBjbHVzdGVyCi9ldGMvZWtzL2Jvb3RzdHJhcC5zaCAtLWI2NC1jbHVzdGVyLWNhICdMUzB0TFMxQ1JVZEpUaUJEUlZKVVNVWkpRMEZVUlMwdExTMHRDazFKU1VONVJFTkRRV0pEWjBGM1NVSkJaMGxDUVVSQlRrSm5hM0ZvYTJsSE9YY3dRa0ZSYzBaQlJFRldUVkpOZDBWUldVUldVVkZFUlhkd2NtUlhTbXdLWTIwMWJHUkhWbnBOUWpSWVJGUkplRTFFVlhoT2FrRTFUVVJyZVU1V2IxaEVWRTE0VFVSVmVFNUVRVFZOUkd0NVRsWnZkMFpVUlZSTlFrVkhRVEZWUlFwQmVFMUxZVE5XYVZwWVNuVmFXRkpzWTNwRFEwRlRTWGRFVVZsS1MyOWFTV2gyWTA1QlVVVkNRbEZCUkdkblJWQkJSRU5EUVZGdlEyZG5SVUpCVFN0MUNuTTVZbVYzVTFWVk1YWklkM3BFYVZZMlYwNUxZMjFaUjBSbVZHUlZOblpzYmpRelFrSXdNMnMwZEVGcGRHNUlaM2gxYjBjdlVqZHpTRWROS3pkNWRUVUtjelIwT0haV2NHb3lWbFExYm1SdWIzaE9WR2h2TjJwQkwyZGpaWFV4Uldwck9HTXZUVEY1UTBSdWQzRnFRa3N2TmtSemQweDRkMmhNWkRGc1IwNHhSd3B4U1Raa09HZzVTemxxVUhOdWJsTnVNR3RNTlc1TlQwcDVTRXBxYUhSclIxUlVlREZuYTBwUmJrdFFaRGQ1VDNGQ1RIVkhlalZ3WWpZeUsyRlpjMk5WQ25CTWRtbFZjSGhpS3pkM05GSmlTMVY0Tm5Ock5YSkhLMVZoYUUwMmVqSXJaV2hvTkRaTEsybFBNMVpLUkc1NVp6WXhXRkZEYzBoUlZGbGFPRVpRTDB3S2IxQlFSV2N6YVc1VU4wbElaRlJJZVhNMmVXRm5TVGhDTVd0aVZYVXpXbWt2WVc1cGNsTnpPWEpFUzBGdGQxbFFaREJ3U0ZSaU9UUkZSVEZIY1cxUVJBcFllV2hzZEdsWlpYaEllR1E1VlZkUFpqbHJRMEYzUlVGQllVMXFUVU5GZDBSbldVUldVakJRUVZGSUwwSkJVVVJCWjB0clRVRTRSMEV4VldSRmQwVkNDaTkzVVVaTlFVMUNRV1k0ZDBSUldVcExiMXBKYUhaalRrRlJSVXhDVVVGRVoyZEZRa0ZKWTFZeE16azFNbGd2YjJvMWRXTjZTRUZzU1ZWVE1FbGFjV1FLUWl0MGJrUk5RVGtyVjNodk9HbDBOaTlFTmtkS1NHZGpNRkJ1WVd0VlRFVnZWSGt2YVd0dGNGWlhXRVVyVkhOc2NtVmxPSGwxUW5VMFRVSk9RMUZGT0FwSVYwNWFUR0Y1V1VSUFRETTJiaXQyVjJ0dmNGVXZXR1lyYzNjMVRHczVZall3ZW5sblpsbElSRTQ0Tm5nM1pWRjZURGtyUTBaa01sQnRjVTV1UTFFd0NqSkRZMUpuYTNNdlZqa3pabWhNT0V0YWNXZGpPRTVHVVVSalpsUkxUV1JQVDFaSVppdHpORmhZV21sbk4wSnVOMmRVTXpKV1QyY3pZV1YzYWt4elNHOEtiVzlHVVVKR1JsSlBObGw1VEZoSGNFdE9hSGc0VFV4NGQwdHhPSGxrYm05aVlYQkhOa1Z4ZGxwc2JHVjBXbUZNUW1abmQxTnZOR3hHVkVoRmJrMHdlQW8yWTFOQmMzZzNkbnBzTmtWeFZUZEphRWg2Tkc5WWJVMVVhMmw0V1VwaVlXVlFjR3hzTkVjeVJuQm1jbEUxVGt0WE9VdDRibkYxWVdkSE5EMEtMUzB0TFMxRlRrUWdRMFZTVkVsR1NVTkJWRVV0TFMwdExRbz0nIC0tYXBpc2VydmVyLWVuZHBvaW50ICdodHRwczovLzIwNEIxNEVCNTZFODBFRkEyNEVENTczQjc2RjBENTRCLnNrMS5hcC1zb3V0aC0xLmVrcy5hbWF6b25hd3MuY29tJyAgLS1rdWJlbGV0LWV4dHJhLWFyZ3MgIiIgJ3Rmb25lJwoKIyBBbGxvdyB1c2VyIHN1cHBsaWVkIHVzZXJkYXRhIGNvZGUKZWNobyBmb28gYmFyCg==",
            "vpc_classic_link_id": "",
            "vpc_classic_link_security_groups": []
          },
          "sensitive_attributes": [],
          "private": "bnVsbA==",
          "dependencies": [
            "module.eks.aws_security_group_rule.cluster_egress_internet",
            "module.eks.aws_security_group_rule.workers_ingress_cluster",
            "module.eks.data.aws_iam_role.custom_cluster_iam_role",
            "data.aws_availability_zones.available",
            "module.eks.aws_iam_role_policy_attachment.workers_AmazonEKS_CNI_Policy",
            "module.eks.aws_iam_role_policy_attachment.workers_additional_policies",
            "module.eks.aws_security_group.workers",
            "aws_security_group.worker_group_mgmt_one",
            "module.eks.aws_security_group_rule.cluster_primary_ingress_workers",
            "module.eks.aws_security_group_rule.workers_ingress_cluster_https",
            "module.eks.aws_iam_role.cluster",
            "module.vpc.aws_subnet.private",
            "module.eks.aws_eks_cluster.this",
            "module.eks.aws_security_group_rule.workers_ingress_self",
            "module.eks.data.aws_ami.eks_worker",
            "module.eks.data.aws_iam_policy_document.cluster_assume_role_policy",
            "module.vpc.aws_vpc_ipv4_cidr_block_association.this",
            "aws_security_group.worker_group_mgmt_two",
            "module.eks.aws_iam_role.workers",
            "module.eks.data.aws_iam_instance_profile.custom_worker_group_iam_instance_profile",
            "module.eks.data.aws_iam_policy_document.workers_assume_role_policy",
            "module.eks.aws_iam_role_policy_attachment.workers_AmazonEC2ContainerRegistryReadOnly",
            "module.eks.aws_iam_role_policy_attachment.workers_AmazonEKSWorkerNodePolicy",
            "module.eks.aws_security_group.cluster",
            "module.eks.aws_security_group_rule.workers_ingress_cluster_kubelet",
            "module.eks.aws_iam_instance_profile.workers",
            "module.eks.aws_iam_role_policy_attachment.cluster_AmazonEKSServicePolicy",
            "module.eks.aws_iam_role_policy_attachment.cluster_AmazonEKSVPCResourceControllerPolicy",
            "module.vpc.aws_vpc.this",
            "module.eks.aws_security_group_rule.workers_ingress_cluster_primary",
            "module.eks.data.aws_ami.eks_worker_windows",
            "module.eks.data.aws_partition.current",
            "module.eks.data.template_file.userdata",
            "module.eks.aws_cloudwatch_log_group.this",
            "module.eks.aws_iam_role_policy_attachment.cluster_AmazonEKSClusterPolicy",
            "module.eks.aws_security_group_rule.cluster_https_worker_ingress",
            "module.eks.aws_security_group_rule.workers_egress_internet"
          ],
          "create_before_destroy": true
        }
      ]
    },
    {
      "module": "module.eks",
      "mode": "managed",
      "type": "aws_security_group",
      "name": "cluster",
      "provider": "provider[\"registry.terraform.io/hashicorp/aws\"]",
      "instances": [
        {
          "index_key": 0,
          "schema_version": 1,
          "attributes": {
            "arn": "arn:aws:ec2:ap-south-1:433581887735:security-group/sg-0c7fc29b70b669dd7",
            "description": "EKS cluster security group.",
            "egress": [
              {
                "cidr_blocks": [
                  "0.0.0.0/0"
                ],
                "description": "Allow cluster egress access to the Internet.",
                "from_port": 0,
                "ipv6_cidr_blocks": [],
                "prefix_list_ids": [],
                "protocol": "-1",
                "security_groups": [],
                "self": false,
                "to_port": 0
              }
            ],
            "id": "sg-0c7fc29b70b669dd7",
            "ingress": [
              {
                "cidr_blocks": [],
                "description": "Allow pods to communicate with the EKS cluster API.",
                "from_port": 443,
                "ipv6_cidr_blocks": [],
                "prefix_list_ids": [],
                "protocol": "tcp",
                "security_groups": [
                  "sg-09330e300fdb81472"
                ],
                "self": false,
                "to_port": 443
              }
            ],
            "name": "tfone2021051609034851600000000a",
            "name_prefix": "tfone",
            "owner_id": "433581887735",
            "revoke_rules_on_delete": false,
            "tags": {
              "Managed By": "Terraform",
              "Name": "tfone-eks_cluster_sg",
              "environment": "dev",
              "project": "terraform"
            },
            "tags_all": {
              "Managed By": "Terraform",
              "Name": "tfone-eks_cluster_sg",
              "environment": "dev",
              "project": "terraform"
            },
            "timeouts": null,
            "vpc_id": "vpc-0359617ca21416380"
          },
          "sensitive_attributes": [],
          "private": "eyJlMmJmYjczMC1lY2FhLTExZTYtOGY4OC0zNDM2M2JjN2M0YzAiOnsiY3JlYXRlIjo2MDAwMDAwMDAwMDAsImRlbGV0ZSI6OTAwMDAwMDAwMDAwfSwic2NoZW1hX3ZlcnNpb24iOiIxIn0=",
          "dependencies": [
            "module.vpc.aws_vpc.this"
          ],
          "create_before_destroy": true
        }
      ]
    },
    {
      "module": "module.eks",
      "mode": "managed",
      "type": "aws_security_group",
      "name": "workers",
      "provider": "provider[\"registry.terraform.io/hashicorp/aws\"]",
      "instances": [
        {
          "index_key": 0,
          "schema_version": 1,
          "attributes": {
            "arn": "arn:aws:ec2:ap-south-1:433581887735:security-group/sg-09330e300fdb81472",
            "description": "Security group for all nodes in the cluster.",
            "egress": [
              {
                "cidr_blocks": [
                  "0.0.0.0/0"
                ],
                "description": "Allow nodes all egress to the Internet.",
                "from_port": 0,
                "ipv6_cidr_blocks": [],
                "prefix_list_ids": [],
                "protocol": "-1",
                "security_groups": [],
                "self": false,
                "to_port": 0
              }
            ],
            "id": "sg-09330e300fdb81472",
            "ingress": [
              {
                "cidr_blocks": [],
                "description": "Allow node to communicate with each other.",
                "from_port": 0,
                "ipv6_cidr_blocks": [],
                "prefix_list_ids": [],
                "protocol": "-1",
                "security_groups": [],
                "self": true,
                "to_port": 0
              },
              {
                "cidr_blocks": [],
                "description": "Allow pods running extension API servers on port 443 to receive communication from cluster control plane.",
                "from_port": 443,
                "ipv6_cidr_blocks": [],
                "prefix_list_ids": [],
                "protocol": "tcp",
                "security_groups": [
                  "sg-0c7fc29b70b669dd7"
                ],
                "self": false,
                "to_port": 443
              },
              {
                "cidr_blocks": [],
                "description": "Allow workers pods to receive communication from the cluster control plane.",
                "from_port": 1025,
                "ipv6_cidr_blocks": [],
                "prefix_list_ids": [],
                "protocol": "tcp",
                "security_groups": [
                  "sg-0c7fc29b70b669dd7"
                ],
                "self": false,
                "to_port": 65535
              }
            ],
            "name": "tfone2021051609034851880000000b",
            "name_prefix": "tfone",
            "owner_id": "433581887735",
            "revoke_rules_on_delete": false,
            "tags": {
              "Managed By": "Terraform",
              "Name": "tfone-eks_worker_sg",
              "environment": "dev",
              "kubernetes.io/cluster/tfone": "owned",
              "project": "terraform"
            },
            "tags_all": {
              "Managed By": "Terraform",
              "Name": "tfone-eks_worker_sg",
              "environment": "dev",
              "kubernetes.io/cluster/tfone": "owned",
              "project": "terraform"
            },
            "timeouts": null,
            "vpc_id": "vpc-0359617ca21416380"
          },
          "sensitive_attributes": [],
          "private": "eyJlMmJmYjczMC1lY2FhLTExZTYtOGY4OC0zNDM2M2JjN2M0YzAiOnsiY3JlYXRlIjo2MDAwMDAwMDAwMDAsImRlbGV0ZSI6OTAwMDAwMDAwMDAwfSwic2NoZW1hX3ZlcnNpb24iOiIxIn0=",
          "dependencies": [
            "module.vpc.aws_vpc.this"
          ],
          "create_before_destroy": true
        }
      ]
    },
    {
      "module": "module.eks",
      "mode": "managed",
      "type": "aws_security_group_rule",
      "name": "cluster_egress_internet",
      "provider": "provider[\"registry.terraform.io/hashicorp/aws\"]",
      "instances": [
        {
          "index_key": 0,
          "schema_version": 2,
          "attributes": {
            "cidr_blocks": [
              "0.0.0.0/0"
            ],
            "description": "Allow cluster egress access to the Internet.",
            "from_port": 0,
            "id": "sgrule-4209454186",
            "ipv6_cidr_blocks": [],
            "prefix_list_ids": [],
            "protocol": "-1",
            "security_group_id": "sg-0c7fc29b70b669dd7",
            "self": false,
            "source_security_group_id": null,
            "to_port": 0,
            "type": "egress"
          },
          "sensitive_attributes": [],
          "private": "eyJzY2hlbWFfdmVyc2lvbiI6IjIifQ==",
          "dependencies": [
            "module.eks.aws_security_group.cluster",
            "module.vpc.aws_vpc.this"
          ],
          "create_before_destroy": true
        }
      ]
    },
    {
      "module": "module.eks",
      "mode": "managed",
      "type": "aws_security_group_rule",
      "name": "cluster_https_worker_ingress",
      "provider": "provider[\"registry.terraform.io/hashicorp/aws\"]",
      "instances": [
        {
          "index_key": 0,
          "schema_version": 2,
          "attributes": {
            "cidr_blocks": [],
            "description": "Allow pods to communicate with the EKS cluster API.",
            "from_port": 443,
            "id": "sgrule-2863731409",
            "ipv6_cidr_blocks": [],
            "prefix_list_ids": [],
            "protocol": "tcp",
            "security_group_id": "sg-0c7fc29b70b669dd7",
            "self": false,
            "source_security_group_id": "sg-09330e300fdb81472",
            "to_port": 443,
            "type": "ingress"
          },
          "sensitive_attributes": [],
          "private": "eyJzY2hlbWFfdmVyc2lvbiI6IjIifQ==",
          "dependencies": [
            "module.eks.aws_security_group.cluster",
            "module.eks.aws_security_group.workers",
            "module.vpc.aws_vpc.this"
          ],
          "create_before_destroy": true
        }
      ]
    },
    {
      "module": "module.eks",
      "mode": "managed",
      "type": "aws_security_group_rule",
      "name": "workers_egress_internet",
      "provider": "provider[\"registry.terraform.io/hashicorp/aws\"]",
      "instances": [
        {
          "index_key": 0,
          "schema_version": 2,
          "attributes": {
            "cidr_blocks": [
              "0.0.0.0/0"
            ],
            "description": "Allow nodes all egress to the Internet.",
            "from_port": 0,
            "id": "sgrule-43906134",
            "ipv6_cidr_blocks": [],
            "prefix_list_ids": [],
            "protocol": "-1",
            "security_group_id": "sg-09330e300fdb81472",
            "self": false,
            "source_security_group_id": null,
            "to_port": 0,
            "type": "egress"
          },
          "sensitive_attributes": [],
          "private": "eyJzY2hlbWFfdmVyc2lvbiI6IjIifQ==",
          "dependencies": [
            "module.eks.aws_security_group.workers",
            "module.vpc.aws_vpc.this"
          ],
          "create_before_destroy": true
        }
      ]
    },
    {
      "module": "module.eks",
      "mode": "managed",
      "type": "aws_security_group_rule",
      "name": "workers_ingress_cluster",
      "provider": "provider[\"registry.terraform.io/hashicorp/aws\"]",
      "instances": [
        {
          "index_key": 0,
          "schema_version": 2,
          "attributes": {
            "cidr_blocks": [],
            "description": "Allow workers pods to receive communication from the cluster control plane.",
            "from_port": 1025,
            "id": "sgrule-2075708889",
            "ipv6_cidr_blocks": [],
            "prefix_list_ids": [],
            "protocol": "tcp",
            "security_group_id": "sg-09330e300fdb81472",
            "self": false,
            "source_security_group_id": "sg-0c7fc29b70b669dd7",
            "to_port": 65535,
            "type": "ingress"
          },
          "sensitive_attributes": [],
          "private": "eyJzY2hlbWFfdmVyc2lvbiI6IjIifQ==",
          "dependencies": [
            "module.eks.aws_security_group.cluster",
            "module.eks.aws_security_group.workers",
            "module.vpc.aws_vpc.this"
          ],
          "create_before_destroy": true
        }
      ]
    },
    {
      "module": "module.eks",
      "mode": "managed",
      "type": "aws_security_group_rule",
      "name": "workers_ingress_cluster_https",
      "provider": "provider[\"registry.terraform.io/hashicorp/aws\"]",
      "instances": [
        {
          "index_key": 0,
          "schema_version": 2,
          "attributes": {
            "cidr_blocks": [],
            "description": "Allow pods running extension API servers on port 443 to receive communication from cluster control plane.",
            "from_port": 443,
            "id": "sgrule-2701364977",
            "ipv6_cidr_blocks": [],
            "prefix_list_ids": [],
            "protocol": "tcp",
            "security_group_id": "sg-09330e300fdb81472",
            "self": false,
            "source_security_group_id": "sg-0c7fc29b70b669dd7",
            "to_port": 443,
            "type": "ingress"
          },
          "sensitive_attributes": [],
          "private": "eyJzY2hlbWFfdmVyc2lvbiI6IjIifQ==",
          "dependencies": [
            "module.eks.aws_security_group.cluster",
            "module.eks.aws_security_group.workers",
            "module.vpc.aws_vpc.this"
          ],
          "create_before_destroy": true
        }
      ]
    },
    {
      "module": "module.eks",
      "mode": "managed",
      "type": "aws_security_group_rule",
      "name": "workers_ingress_self",
      "provider": "provider[\"registry.terraform.io/hashicorp/aws\"]",
      "instances": [
        {
          "index_key": 0,
          "schema_version": 2,
          "attributes": {
            "cidr_blocks": [],
            "description": "Allow node to communicate with each other.",
            "from_port": 0,
            "id": "sgrule-4141106019",
            "ipv6_cidr_blocks": [],
            "prefix_list_ids": [],
            "protocol": "-1",
            "security_group_id": "sg-09330e300fdb81472",
            "self": false,
            "source_security_group_id": "sg-09330e300fdb81472",
            "to_port": 0,
            "type": "ingress"
          },
          "sensitive_attributes": [],
          "private": "eyJzY2hlbWFfdmVyc2lvbiI6IjIifQ==",
          "dependencies": [
            "module.eks.aws_security_group.workers",
            "module.vpc.aws_vpc.this"
          ],
          "create_before_destroy": true
        }
      ]
    },
    {
      "module": "module.eks",
      "mode": "managed",
      "type": "kubernetes_config_map",
      "name": "aws_auth",
      "provider": "provider[\"registry.terraform.io/hashicorp/kubernetes\"]",
      "instances": [
        {
          "index_key": 0,
          "schema_version": 0,
          "attributes": {
            "binary_data": {},
            "data": {
              "mapAccounts": "[]\n",
              "mapRoles": "- \"groups\":\n  - \"system:bootstrappers\"\n  - \"system:nodes\"\n  \"rolearn\": \"arn:aws:iam::433581887735:role/tfone2021051609122705180000000c\"\n  \"username\": \"system:node:{{EC2PrivateDNSName}}\"\n",
              "mapUsers": "[]\n"
            },
            "id": "kube-system/aws-auth",
            "metadata": [
              {
                "annotations": {},
                "generate_name": "",
                "generation": 0,
                "labels": {
                  "app.kubernetes.io/managed-by": "Terraform",
                  "terraform.io/module": "terraform-aws-modules.eks.aws"
                },
                "name": "aws-auth",
                "namespace": "kube-system",
                "resource_version": "979",
                "self_link": "",
                "uid": "6005395f-565b-4750-9282-111dfb68a91d"
              }
            ]
          },
          "sensitive_attributes": [],
          "private": "bnVsbA==",
          "dependencies": [
            "module.eks.aws_security_group.workers",
            "module.eks.data.aws_partition.current",
            "module.eks.aws_iam_role_policy_attachment.cluster_AmazonEKSClusterPolicy",
            "module.eks.data.aws_iam_instance_profile.custom_worker_group_launch_template_iam_instance_profile",
            "module.eks.data.aws_iam_role.custom_cluster_iam_role",
            "module.eks.aws_iam_instance_profile.workers_launch_template",
            "module.eks.aws_iam_role.cluster",
            "module.eks.module.fargate.data.aws_iam_role.custom_fargate_iam_role",
            "module.vpc.aws_vpc.this",
            "module.vpc.aws_vpc_ipv4_cidr_block_association.this",
            "data.aws_eks_cluster_auth.cluster",
            "module.eks.data.aws_ami.eks_worker",
            "module.eks.data.aws_caller_identity.current",
            "module.eks.data.aws_iam_policy_document.cluster_assume_role_policy",
            "module.eks.data.aws_iam_policy_document.workers_assume_role_policy",
            "module.eks.null_resource.wait_for_cluster",
            "module.eks.aws_iam_role.workers",
            "module.eks.aws_iam_role_policy_attachment.cluster_AmazonEKSServicePolicy",
            "module.eks.aws_security_group_rule.cluster_https_worker_ingress",
            "module.eks.module.fargate.aws_iam_role.eks_fargate_pod",
            "data.aws_availability_zones.available",
            "module.eks.aws_cloudwatch_log_group.this",
            "module.eks.aws_security_group.cluster",
            "module.eks.aws_iam_instance_profile.workers",
            "module.eks.aws_iam_role_policy_attachment.cluster_AmazonEKSVPCResourceControllerPolicy",
            "module.eks.data.aws_iam_instance_profile.custom_worker_group_iam_instance_profile",
            "module.eks.module.fargate.data.aws_iam_policy_document.eks_fargate_pod_assume_role",
            "data.aws_eks_cluster.cluster",
            "module.eks.aws_eks_cluster.this",
            "module.eks.aws_security_group_rule.cluster_egress_internet",
            "module.eks.aws_security_group_rule.cluster_private_access",
            "module.vpc.aws_subnet.private",
            "aws_security_group.worker_group_mgmt_one",
            "aws_security_group.worker_group_mgmt_two"
          ],
          "create_before_destroy": true
        }
      ]
    },
    {
      "module": "module.eks",
      "mode": "managed",
      "type": "local_file",
      "name": "kubeconfig",
      "provider": "provider[\"registry.terraform.io/hashicorp/local\"]",
      "instances": [
        {
          "index_key": 0,
          "schema_version": 0,
          "attributes": {
            "content": "apiVersion: v1\npreferences: {}\nkind: Config\n\nclusters:\n- cluster:\n    server: https://204B14EB56E80EFA24ED573B76F0D54B.sk1.ap-south-1.eks.amazonaws.com\n    certificate-authority-data: LS0tLS1CRUdJTiBDRVJUSUZJQ0FURS0tLS0tCk1JSUN5RENDQWJDZ0F3SUJBZ0lCQURBTkJna3Foa2lHOXcwQkFRc0ZBREFWTVJNd0VRWURWUVFERXdwcmRXSmwKY201bGRHVnpNQjRYRFRJeE1EVXhOakE1TURreU5Wb1hEVE14TURVeE5EQTVNRGt5TlZvd0ZURVRNQkVHQTFVRQpBeE1LYTNWaVpYSnVaWFJsY3pDQ0FTSXdEUVlKS29aSWh2Y05BUUVCQlFBRGdnRVBBRENDQVFvQ2dnRUJBTSt1CnM5YmV3U1VVMXZId3pEaVY2V05LY21ZR0RmVGRVNnZsbjQzQkIwM2s0dEFpdG5IZ3h1b0cvUjdzSEdNKzd5dTUKczR0OHZWcGoyVlQ1bmRub3hOVGhvN2pBL2djZXUxRWprOGMvTTF5Q0Rud3FqQksvNkRzd0x4d2hMZDFsR04xRwpxSTZkOGg5SzlqUHNublNuMGtMNW5NT0p5SEpqaHRrR1RUeDFna0pRbktQZDd5T3FCTHVHejVwYjYyK2FZc2NVCnBMdmlVcHhiKzd3NFJiS1V4NnNrNXJHK1VhaE02ejIrZWhoNDZLK2lPM1ZKRG55ZzYxWFFDc0hRVFlaOEZQL0wKb1BQRWczaW5UN0lIZFRIeXM2eWFnSThCMWtiVXUzWmkvYW5pclNzOXJES0Ftd1lQZDBwSFRiOTRFRTFHcW1QRApYeWhsdGlZZXhIeGQ5VVdPZjlrQ0F3RUFBYU1qTUNFd0RnWURWUjBQQVFIL0JBUURBZ0trTUE4R0ExVWRFd0VCCi93UUZNQU1CQWY4d0RRWUpLb1pJaHZjTkFRRUxCUUFEZ2dFQkFJY1YxMzk1Mlgvb2o1dWN6SEFsSVVTMElacWQKQit0bkRNQTkrV3hvOGl0Ni9ENkdKSGdjMFBuYWtVTEVvVHkvaWttcFZXWEUrVHNscmVlOHl1QnU0TUJOQ1FFOApIV05aTGF5WURPTDM2bit2V2tvcFUvWGYrc3c1TGs5YjYwenlnZllIRE44Nng3ZVF6TDkrQ0ZkMlBtcU5uQ1EwCjJDY1Jna3MvVjkzZmhMOEtacWdjOE5GUURjZlRLTWRPT1ZIZitzNFhYWmlnN0JuN2dUMzJWT2czYWV3akxzSG8KbW9GUUJGRlJPNll5TFhHcEtOaHg4TUx4d0txOHlkbm9iYXBHNkVxdlpsbGV0WmFMQmZnd1NvNGxGVEhFbk0weAo2Y1NBc3g3dnpsNkVxVTdJaEh6NG9YbU1Ua2l4WUpiYWVQcGxsNEcyRnBmclE1TktXOUt4bnF1YWdHND0KLS0tLS1FTkQgQ0VSVElGSUNBVEUtLS0tLQo=\n  name: eks_tfone\n\ncontexts:\n- context:\n    cluster: eks_tfone\n    user: eks_tfone\n  name: eks_tfone\n\ncurrent-context: eks_tfone\n\nusers:\n- name: eks_tfone\n  user:\n    exec:\n      apiVersion: client.authentication.k8s.io/v1alpha1\n      command: aws-iam-authenticator\n      args:\n        - \"token\"\n        - \"-i\"\n        - \"tfone\"\n",
            "content_base64": null,
            "directory_permission": "0755",
            "file_permission": "0644",
            "filename": "./kubeconfig_tfone",
            "id": "197fadc9585c0a2af07a4cd786c0ccd4389f50c3",
            "sensitive_content": null,
            "source": null
          },
          "sensitive_attributes": [],
          "private": "bnVsbA==",
          "dependencies": [
            "module.eks.aws_security_group.workers",
            "module.eks.aws_security_group_rule.cluster_https_worker_ingress",
            "module.eks.aws_iam_role.cluster",
            "module.eks.aws_iam_role_policy_attachment.cluster_AmazonEKSServicePolicy",
            "module.vpc.aws_vpc_ipv4_cidr_block_association.this",
            "data.aws_availability_zones.available",
            "module.eks.aws_eks_cluster.this",
            "module.eks.data.aws_partition.current",
            "module.vpc.aws_subnet.private",
            "module.vpc.aws_vpc.this",
            "module.eks.aws_cloudwatch_log_group.this",
            "module.eks.data.aws_iam_policy_document.cluster_assume_role_policy",
            "module.eks.aws_security_group.cluster",
            "module.eks.aws_security_group_rule.cluster_egress_internet",
            "module.eks.data.aws_iam_role.custom_cluster_iam_role",
            "module.eks.aws_iam_role_policy_attachment.cluster_AmazonEKSClusterPolicy",
            "module.eks.aws_iam_role_policy_attachment.cluster_AmazonEKSVPCResourceControllerPolicy"
          ]
        }
      ]
    },
    {
      "module": "module.eks",
      "mode": "managed",
      "type": "null_resource",
      "name": "wait_for_cluster",
      "provider": "provider[\"registry.terraform.io/hashicorp/null\"]",
      "instances": [
        {
          "index_key": 0,
          "schema_version": 0,
          "attributes": {
            "id": "1263098111352577303",
            "triggers": null
          },
          "sensitive_attributes": [],
          "private": "bnVsbA==",
          "dependencies": [
            "module.vpc.aws_subnet.private",
            "module.vpc.aws_vpc.this",
            "module.vpc.aws_vpc_ipv4_cidr_block_association.this",
            "module.eks.aws_security_group.cluster",
            "module.eks.aws_security_group.workers",
            "module.eks.aws_iam_role.cluster",
            "module.eks.aws_security_group_rule.cluster_https_worker_ingress",
            "data.aws_availability_zones.available",
            "module.eks.aws_cloudwatch_log_group.this",
            "module.eks.aws_iam_role_policy_attachment.cluster_AmazonEKSServicePolicy",
            "module.eks.aws_iam_role_policy_attachment.cluster_AmazonEKSVPCResourceControllerPolicy",
            "module.eks.aws_security_group_rule.cluster_egress_internet",
            "module.eks.aws_security_group_rule.cluster_private_access",
            "module.eks.data.aws_iam_policy_document.cluster_assume_role_policy",
            "module.eks.data.aws_iam_role.custom_cluster_iam_role",
            "module.eks.aws_eks_cluster.this",
            "module.eks.aws_iam_role_policy_attachment.cluster_AmazonEKSClusterPolicy",
            "module.eks.data.aws_partition.current"
          ],
          "create_before_destroy": true
        }
      ]
    },
    {
      "module": "module.eks",
      "mode": "managed",
      "type": "random_pet",
      "name": "workers",
      "provider": "provider[\"registry.terraform.io/hashicorp/random\"]",
      "instances": [
        {
          "index_key": 0,
          "schema_version": 0,
          "attributes": {
            "id": "mature-hookworm",
            "keepers": {
              "lc_name": "tfone-worker-group-120210516091250667900000013"
            },
            "length": 2,
            "prefix": null,
            "separator": "-"
          },
          "sensitive_attributes": [],
          "private": "bnVsbA==",
          "dependencies": [
            "aws_security_group.worker_group_mgmt_two",
            "data.aws_availability_zones.available",
            "module.eks.aws_cloudwatch_log_group.this",
            "module.eks.aws_eks_cluster.this",
            "module.eks.aws_iam_instance_profile.workers",
            "module.eks.aws_iam_role.cluster",
            "module.eks.aws_iam_role_policy_attachment.workers_AmazonEKSWorkerNodePolicy",
            "module.eks.aws_iam_role_policy_attachment.workers_AmazonEC2ContainerRegistryReadOnly",
            "module.eks.aws_iam_role.workers",
            "module.eks.aws_iam_role_policy_attachment.cluster_AmazonEKSClusterPolicy",
            "module.eks.aws_iam_role_policy_attachment.cluster_AmazonEKSServicePolicy",
            "module.eks.aws_iam_role_policy_attachment.cluster_AmazonEKSVPCResourceControllerPolicy",
            "module.eks.aws_iam_role_policy_attachment.workers_AmazonEKS_CNI_Policy",
            "module.eks.aws_iam_role_policy_attachment.workers_additional_policies",
            "module.eks.aws_launch_configuration.workers",
            "module.eks.aws_security_group.cluster",
            "module.eks.aws_security_group.workers",
            "module.eks.aws_security_group_rule.cluster_egress_internet",
            "module.eks.aws_security_group_rule.cluster_https_worker_ingress",
            "aws_security_group.worker_group_mgmt_one",
            "module.eks.aws_security_group_rule.workers_egress_internet",
            "module.eks.aws_security_group_rule.workers_ingress_cluster",
            "module.eks.aws_security_group_rule.workers_ingress_cluster_https",
            "module.eks.aws_security_group_rule.workers_ingress_cluster_kubelet",
            "module.eks.aws_security_group_rule.workers_ingress_cluster_primary",
            "module.eks.aws_security_group_rule.workers_ingress_self",
            "module.eks.data.aws_ami.eks_worker",
            "module.eks.data.aws_ami.eks_worker_windows",
            "module.eks.data.aws_iam_instance_profile.custom_worker_group_iam_instance_profile",
            "module.eks.aws_security_group_rule.cluster_primary_ingress_workers",
            "module.eks.data.aws_iam_policy_document.cluster_assume_role_policy",
            "module.eks.data.aws_iam_policy_document.workers_assume_role_policy",
            "module.eks.data.aws_iam_role.custom_cluster_iam_role",
            "module.eks.data.aws_partition.current",
            "module.eks.data.template_file.userdata",
            "module.vpc.aws_subnet.private",
            "module.vpc.aws_vpc.this",
            "module.vpc.aws_vpc_ipv4_cidr_block_association.this"
          ],
          "create_before_destroy": true
        },
        {
          "index_key": 1,
          "schema_version": 0,
          "attributes": {
            "id": "suited-perch",
            "keepers": {
              "lc_name": "tfone-worker-group-220210516091250385300000012"
            },
            "length": 2,
            "prefix": null,
            "separator": "-"
          },
          "sensitive_attributes": [],
          "private": "bnVsbA==",
          "dependencies": [
            "aws_security_group.worker_group_mgmt_two",
            "data.aws_availability_zones.available",
            "module.eks.aws_cloudwatch_log_group.this",
            "module.eks.aws_eks_cluster.this",
            "module.eks.aws_iam_instance_profile.workers",
            "module.eks.aws_iam_role.cluster",
            "module.eks.aws_iam_role_policy_attachment.workers_AmazonEKSWorkerNodePolicy",
            "module.eks.aws_iam_role_policy_attachment.workers_AmazonEC2ContainerRegistryReadOnly",
            "module.eks.aws_iam_role.workers",
            "module.eks.aws_iam_role_policy_attachment.cluster_AmazonEKSClusterPolicy",
            "module.eks.aws_iam_role_policy_attachment.cluster_AmazonEKSServicePolicy",
            "module.eks.aws_iam_role_policy_attachment.cluster_AmazonEKSVPCResourceControllerPolicy",
            "module.eks.aws_iam_role_policy_attachment.workers_AmazonEKS_CNI_Policy",
            "module.eks.aws_iam_role_policy_attachment.workers_additional_policies",
            "module.eks.aws_launch_configuration.workers",
            "module.eks.aws_security_group.cluster",
            "module.eks.aws_security_group.workers",
            "module.eks.aws_security_group_rule.cluster_egress_internet",
            "module.eks.aws_security_group_rule.cluster_https_worker_ingress",
            "aws_security_group.worker_group_mgmt_one",
            "module.eks.aws_security_group_rule.workers_egress_internet",
            "module.eks.aws_security_group_rule.workers_ingress_cluster",
            "module.eks.aws_security_group_rule.workers_ingress_cluster_https",
            "module.eks.aws_security_group_rule.workers_ingress_cluster_kubelet",
            "module.eks.aws_security_group_rule.workers_ingress_cluster_primary",
            "module.eks.aws_security_group_rule.workers_ingress_self",
            "module.eks.data.aws_ami.eks_worker",
            "module.eks.data.aws_ami.eks_worker_windows",
            "module.eks.data.aws_iam_instance_profile.custom_worker_group_iam_instance_profile",
            "module.eks.aws_security_group_rule.cluster_primary_ingress_workers",
            "module.eks.data.aws_iam_policy_document.cluster_assume_role_policy",
            "module.eks.data.aws_iam_policy_document.workers_assume_role_policy",
            "module.eks.data.aws_iam_role.custom_cluster_iam_role",
            "module.eks.data.aws_partition.current",
            "module.eks.data.template_file.userdata",
            "module.vpc.aws_subnet.private",
            "module.vpc.aws_vpc.this",
            "module.vpc.aws_vpc_ipv4_cidr_block_association.this"
          ],
          "create_before_destroy": true
        }
      ]
    },
    {
      "module": "module.vpc",
      "mode": "managed",
      "type": "aws_eip",
      "name": "nat",
      "provider": "provider[\"registry.terraform.io/hashicorp/aws\"]",
      "instances": [
        {
          "index_key": 0,
          "schema_version": 0,
          "attributes": {
            "address": null,
            "allocation_id": null,
            "associate_with_private_ip": null,
            "association_id": "eipassoc-0f070a8ab67ed8201",
            "carrier_ip": "",
            "customer_owned_ip": "",
            "customer_owned_ipv4_pool": "",
            "domain": "vpc",
            "id": "eipalloc-0cd2774eb53d8935b",
            "instance": "",
            "network_border_group": "ap-south-1",
            "network_interface": "eni-063d8dee42cdbd69a",
            "private_dns": "ip-10-0-4-121.ap-south-1.compute.internal",
            "private_ip": "10.0.4.121",
            "public_dns": "ec2-13-127-151-179.ap-south-1.compute.amazonaws.com",
            "public_ip": "13.127.151.179",
            "public_ipv4_pool": "amazon",
            "tags": {
              "Managed By": "Terraform",
              "Name": "education-vpc-ap-south-1a",
              "environment": "dev",
              "kubernetes.io/cluster/tfone": "shared",
              "project": "terraform"
            },
            "tags_all": {
              "Managed By": "Terraform",
              "Name": "education-vpc-ap-south-1a",
              "environment": "dev",
              "kubernetes.io/cluster/tfone": "shared",
              "project": "terraform"
            },
            "timeouts": null,
            "vpc": true
          },
          "sensitive_attributes": [],
          "private": "eyJlMmJmYjczMC1lY2FhLTExZTYtOGY4OC0zNDM2M2JjN2M0YzAiOnsiZGVsZXRlIjoxODAwMDAwMDAwMDAsInJlYWQiOjkwMDAwMDAwMDAwMCwidXBkYXRlIjozMDAwMDAwMDAwMDB9fQ==",
          "dependencies": [
            "data.aws_availability_zones.available"
          ]
        }
      ]
    },
    {
      "module": "module.vpc",
      "mode": "managed",
      "type": "aws_internet_gateway",
      "name": "this",
      "provider": "provider[\"registry.terraform.io/hashicorp/aws\"]",
      "instances": [
        {
          "index_key": 0,
          "schema_version": 0,
          "attributes": {
            "arn": "arn:aws:ec2:ap-south-1:433581887735:internet-gateway/igw-07c9aa6ab51fb13a1",
            "id": "igw-07c9aa6ab51fb13a1",
            "owner_id": "433581887735",
            "tags": {
              "Managed By": "Terraform",
              "Name": "education-vpc",
              "environment": "dev",
              "kubernetes.io/cluster/tfone": "shared",
              "project": "terraform"
            },
            "tags_all": {
              "Managed By": "Terraform",
              "Name": "education-vpc",
              "environment": "dev",
              "kubernetes.io/cluster/tfone": "shared",
              "project": "terraform"
            },
            "vpc_id": "vpc-0359617ca21416380"
          },
          "sensitive_attributes": [],
          "private": "bnVsbA==",
          "dependencies": [
            "module.vpc.aws_vpc_ipv4_cidr_block_association.this",
            "module.vpc.aws_vpc.this"
          ]
        }
      ]
    },
    {
      "module": "module.vpc",
      "mode": "managed",
      "type": "aws_nat_gateway",
      "name": "this",
      "provider": "provider[\"registry.terraform.io/hashicorp/aws\"]",
      "instances": [
        {
          "index_key": 0,
          "schema_version": 0,
          "attributes": {
            "allocation_id": "eipalloc-0cd2774eb53d8935b",
            "id": "nat-057a4e07cf652decb",
            "network_interface_id": "eni-063d8dee42cdbd69a",
            "private_ip": "10.0.4.121",
            "public_ip": "13.127.151.179",
            "subnet_id": "subnet-06ed8ede551cb13b5",
            "tags": {
              "Managed By": "Terraform",
              "Name": "education-vpc-ap-south-1a",
              "environment": "dev",
              "kubernetes.io/cluster/tfone": "shared",
              "project": "terraform"
            },
            "tags_all": {
              "Managed By": "Terraform",
              "Name": "education-vpc-ap-south-1a",
              "environment": "dev",
              "kubernetes.io/cluster/tfone": "shared",
              "project": "terraform"
            }
          },
          "sensitive_attributes": [],
          "private": "bnVsbA==",
          "dependencies": [
            "data.aws_availability_zones.available",
            "module.vpc.aws_eip.nat",
            "module.vpc.aws_internet_gateway.this",
            "module.vpc.aws_subnet.public",
            "module.vpc.aws_vpc.this",
            "module.vpc.aws_vpc_ipv4_cidr_block_association.this"
          ]
        }
      ]
    },
    {
      "module": "module.vpc",
      "mode": "managed",
      "type": "aws_route",
      "name": "private_nat_gateway",
      "provider": "provider[\"registry.terraform.io/hashicorp/aws\"]",
      "instances": [
        {
          "index_key": 0,
          "schema_version": 0,
          "attributes": {
            "carrier_gateway_id": "",
            "destination_cidr_block": "0.0.0.0/0",
            "destination_ipv6_cidr_block": "",
            "destination_prefix_list_id": "",
            "egress_only_gateway_id": "",
            "gateway_id": "",
            "id": "r-rtb-046c4a828d9dfcf0a1080289494",
            "instance_id": "",
            "instance_owner_id": "",
            "local_gateway_id": "",
            "nat_gateway_id": "nat-057a4e07cf652decb",
            "network_interface_id": "",
            "origin": "CreateRoute",
            "route_table_id": "rtb-046c4a828d9dfcf0a",
            "state": "active",
            "timeouts": {
              "create": "5m",
              "delete": null
            },
            "transit_gateway_id": "",
            "vpc_endpoint_id": "",
            "vpc_peering_connection_id": ""
          },
          "sensitive_attributes": [],
          "private": "eyJlMmJmYjczMC1lY2FhLTExZTYtOGY4OC0zNDM2M2JjN2M0YzAiOnsiY3JlYXRlIjozMDAwMDAwMDAwMDAsImRlbGV0ZSI6MzAwMDAwMDAwMDAwfX0=",
          "dependencies": [
            "module.vpc.aws_eip.nat",
            "module.vpc.aws_internet_gateway.this",
            "module.vpc.aws_nat_gateway.this",
            "module.vpc.aws_route_table.private",
            "module.vpc.aws_subnet.public",
            "module.vpc.aws_vpc.this",
            "module.vpc.aws_vpc_ipv4_cidr_block_association.this",
            "data.aws_availability_zones.available"
          ]
        }
      ]
    },
    {
      "module": "module.vpc",
      "mode": "managed",
      "type": "aws_route",
      "name": "public_internet_gateway",
      "provider": "provider[\"registry.terraform.io/hashicorp/aws\"]",
      "instances": [
        {
          "index_key": 0,
          "schema_version": 0,
          "attributes": {
            "carrier_gateway_id": "",
            "destination_cidr_block": "0.0.0.0/0",
            "destination_ipv6_cidr_block": "",
            "destination_prefix_list_id": "",
            "egress_only_gateway_id": "",
            "gateway_id": "igw-07c9aa6ab51fb13a1",
            "id": "r-rtb-0bc4627c80c1c7e9f1080289494",
            "instance_id": "",
            "instance_owner_id": "",
            "local_gateway_id": "",
            "nat_gateway_id": "",
            "network_interface_id": "",
            "origin": "CreateRoute",
            "route_table_id": "rtb-0bc4627c80c1c7e9f",
            "state": "active",
            "timeouts": {
              "create": "5m",
              "delete": null
            },
            "transit_gateway_id": "",
            "vpc_endpoint_id": "",
            "vpc_peering_connection_id": ""
          },
          "sensitive_attributes": [],
          "private": "eyJlMmJmYjczMC1lY2FhLTExZTYtOGY4OC0zNDM2M2JjN2M0YzAiOnsiY3JlYXRlIjozMDAwMDAwMDAwMDAsImRlbGV0ZSI6MzAwMDAwMDAwMDAwfX0=",
          "dependencies": [
            "module.vpc.aws_internet_gateway.this",
            "module.vpc.aws_route_table.public",
            "module.vpc.aws_vpc.this",
            "module.vpc.aws_vpc_ipv4_cidr_block_association.this"
          ]
        }
      ]
    },
    {
      "module": "module.vpc",
      "mode": "managed",
      "type": "aws_route_table",
      "name": "private",
      "provider": "provider[\"registry.terraform.io/hashicorp/aws\"]",
      "instances": [
        {
          "index_key": 0,
          "schema_version": 0,
          "attributes": {
            "arn": "arn:aws:ec2:ap-south-1:433581887735:route-table/rtb-046c4a828d9dfcf0a",
            "id": "rtb-046c4a828d9dfcf0a",
            "owner_id": "433581887735",
            "propagating_vgws": [],
            "route": [
              {
                "carrier_gateway_id": "",
                "cidr_block": "0.0.0.0/0",
                "destination_prefix_list_id": "",
                "egress_only_gateway_id": "",
                "gateway_id": "",
                "instance_id": "",
                "ipv6_cidr_block": "",
                "local_gateway_id": "",
                "nat_gateway_id": "nat-057a4e07cf652decb",
                "network_interface_id": "",
                "transit_gateway_id": "",
                "vpc_endpoint_id": "",
                "vpc_peering_connection_id": ""
              }
            ],
            "tags": {
              "Managed By": "Terraform",
              "Name": "education-vpc-private",
              "environment": "dev",
              "kubernetes.io/cluster/tfone": "shared",
              "project": "terraform"
            },
            "tags_all": {
              "Managed By": "Terraform",
              "Name": "education-vpc-private",
              "environment": "dev",
              "kubernetes.io/cluster/tfone": "shared",
              "project": "terraform"
            },
            "vpc_id": "vpc-0359617ca21416380"
          },
          "sensitive_attributes": [],
          "private": "bnVsbA==",
          "dependencies": [
            "data.aws_availability_zones.available",
            "module.vpc.aws_vpc.this",
            "module.vpc.aws_vpc_ipv4_cidr_block_association.this"
          ]
        }
      ]
    },
    {
      "module": "module.vpc",
      "mode": "managed",
      "type": "aws_route_table",
      "name": "public",
      "provider": "provider[\"registry.terraform.io/hashicorp/aws\"]",
      "instances": [
        {
          "index_key": 0,
          "schema_version": 0,
          "attributes": {
            "arn": "arn:aws:ec2:ap-south-1:433581887735:route-table/rtb-0bc4627c80c1c7e9f",
            "id": "rtb-0bc4627c80c1c7e9f",
            "owner_id": "433581887735",
            "propagating_vgws": [],
            "route": [
              {
                "carrier_gateway_id": "",
                "cidr_block": "0.0.0.0/0",
                "destination_prefix_list_id": "",
                "egress_only_gateway_id": "",
                "gateway_id": "igw-07c9aa6ab51fb13a1",
                "instance_id": "",
                "ipv6_cidr_block": "",
                "local_gateway_id": "",
                "nat_gateway_id": "",
                "network_interface_id": "",
                "transit_gateway_id": "",
                "vpc_endpoint_id": "",
                "vpc_peering_connection_id": ""
              }
            ],
            "tags": {
              "Managed By": "Terraform",
              "Name": "education-vpc-public",
              "environment": "dev",
              "kubernetes.io/cluster/tfone": "shared",
              "project": "terraform"
            },
            "tags_all": {
              "Managed By": "Terraform",
              "Name": "education-vpc-public",
              "environment": "dev",
              "kubernetes.io/cluster/tfone": "shared",
              "project": "terraform"
            },
            "vpc_id": "vpc-0359617ca21416380"
          },
          "sensitive_attributes": [],
          "private": "bnVsbA==",
          "dependencies": [
            "module.vpc.aws_vpc.this",
            "module.vpc.aws_vpc_ipv4_cidr_block_association.this"
          ]
        }
      ]
    },
    {
      "module": "module.vpc",
      "mode": "managed",
      "type": "aws_route_table_association",
      "name": "private",
      "provider": "provider[\"registry.terraform.io/hashicorp/aws\"]",
      "instances": [
        {
          "index_key": 0,
          "schema_version": 0,
          "attributes": {
            "gateway_id": null,
            "id": "rtbassoc-042180370c9d5b8ef",
            "route_table_id": "rtb-046c4a828d9dfcf0a",
            "subnet_id": "subnet-03b54de23e16a0495"
          },
          "sensitive_attributes": [],
          "private": "bnVsbA==",
          "dependencies": [
            "data.aws_availability_zones.available",
            "module.vpc.aws_route_table.private",
            "module.vpc.aws_subnet.private",
            "module.vpc.aws_vpc.this",
            "module.vpc.aws_vpc_ipv4_cidr_block_association.this"
          ]
        },
        {
          "index_key": 1,
          "schema_version": 0,
          "attributes": {
            "gateway_id": null,
            "id": "rtbassoc-07f8044d83b772ca4",
            "route_table_id": "rtb-046c4a828d9dfcf0a",
            "subnet_id": "subnet-0090b6f567f7cf6cf"
          },
          "sensitive_attributes": [],
          "private": "bnVsbA==",
          "dependencies": [
            "data.aws_availability_zones.available",
            "module.vpc.aws_route_table.private",
            "module.vpc.aws_subnet.private",
            "module.vpc.aws_vpc.this",
            "module.vpc.aws_vpc_ipv4_cidr_block_association.this"
          ]
        },
        {
          "index_key": 2,
          "schema_version": 0,
          "attributes": {
            "gateway_id": null,
            "id": "rtbassoc-0a042120a4b8cf534",
            "route_table_id": "rtb-046c4a828d9dfcf0a",
            "subnet_id": "subnet-0efa1a8862fa1fd4f"
          },
          "sensitive_attributes": [],
          "private": "bnVsbA==",
          "dependencies": [
            "data.aws_availability_zones.available",
            "module.vpc.aws_route_table.private",
            "module.vpc.aws_subnet.private",
            "module.vpc.aws_vpc.this",
            "module.vpc.aws_vpc_ipv4_cidr_block_association.this"
          ]
        }
      ]
    },
    {
      "module": "module.vpc",
      "mode": "managed",
      "type": "aws_route_table_association",
      "name": "public",
      "provider": "provider[\"registry.terraform.io/hashicorp/aws\"]",
      "instances": [
        {
          "index_key": 0,
          "schema_version": 0,
          "attributes": {
            "gateway_id": null,
            "id": "rtbassoc-0235da1f9625fdda6",
            "route_table_id": "rtb-0bc4627c80c1c7e9f",
            "subnet_id": "subnet-06ed8ede551cb13b5"
          },
          "sensitive_attributes": [],
          "private": "bnVsbA==",
          "dependencies": [
            "module.vpc.aws_vpc_ipv4_cidr_block_association.this",
            "data.aws_availability_zones.available",
            "module.vpc.aws_route_table.public",
            "module.vpc.aws_subnet.public",
            "module.vpc.aws_vpc.this"
          ]
        },
        {
          "index_key": 1,
          "schema_version": 0,
          "attributes": {
            "gateway_id": null,
            "id": "rtbassoc-095d750c4f51a6a20",
            "route_table_id": "rtb-0bc4627c80c1c7e9f",
            "subnet_id": "subnet-03c5db220cb6b396f"
          },
          "sensitive_attributes": [],
          "private": "bnVsbA==",
          "dependencies": [
            "module.vpc.aws_subnet.public",
            "module.vpc.aws_vpc.this",
            "module.vpc.aws_vpc_ipv4_cidr_block_association.this",
            "data.aws_availability_zones.available",
            "module.vpc.aws_route_table.public"
          ]
        },
        {
          "index_key": 2,
          "schema_version": 0,
          "attributes": {
            "gateway_id": null,
            "id": "rtbassoc-0dda6669d986a2c68",
            "route_table_id": "rtb-0bc4627c80c1c7e9f",
            "subnet_id": "subnet-01a89886e34e837a7"
          },
          "sensitive_attributes": [],
          "private": "bnVsbA==",
          "dependencies": [
            "data.aws_availability_zones.available",
            "module.vpc.aws_route_table.public",
            "module.vpc.aws_subnet.public",
            "module.vpc.aws_vpc.this",
            "module.vpc.aws_vpc_ipv4_cidr_block_association.this"
          ]
        }
      ]
    },
    {
      "module": "module.vpc",
      "mode": "managed",
      "type": "aws_subnet",
      "name": "private",
      "provider": "provider[\"registry.terraform.io/hashicorp/aws\"]",
      "instances": [
        {
          "index_key": 0,
          "schema_version": 1,
          "attributes": {
            "arn": "arn:aws:ec2:ap-south-1:433581887735:subnet/subnet-03b54de23e16a0495",
            "assign_ipv6_address_on_creation": false,
            "availability_zone": "ap-south-1a",
            "availability_zone_id": "aps1-az1",
            "cidr_block": "10.0.1.0/24",
            "customer_owned_ipv4_pool": "",
            "id": "subnet-03b54de23e16a0495",
            "ipv6_cidr_block": "",
            "ipv6_cidr_block_association_id": "",
            "map_customer_owned_ip_on_launch": false,
            "map_public_ip_on_launch": false,
            "outpost_arn": "",
            "owner_id": "433581887735",
            "tags": {
              "Managed By": "Terraform",
              "Name": "education-vpc-private-ap-south-1a",
              "environment": "dev",
              "kubernetes.io/cluster/tfone": "shared",
              "kubernetes.io/role/internal-elb": "1",
              "project": "terraform"
            },
            "tags_all": {
              "Managed By": "Terraform",
              "Name": "education-vpc-private-ap-south-1a",
              "environment": "dev",
              "kubernetes.io/cluster/tfone": "shared",
              "kubernetes.io/role/internal-elb": "1",
              "project": "terraform"
            },
            "timeouts": null,
            "vpc_id": "vpc-0359617ca21416380"
          },
          "sensitive_attributes": [],
          "private": "eyJlMmJmYjczMC1lY2FhLTExZTYtOGY4OC0zNDM2M2JjN2M0YzAiOnsiY3JlYXRlIjo2MDAwMDAwMDAwMDAsImRlbGV0ZSI6MTIwMDAwMDAwMDAwMH0sInNjaGVtYV92ZXJzaW9uIjoiMSJ9",
          "dependencies": [
            "data.aws_availability_zones.available",
            "module.vpc.aws_vpc.this",
            "module.vpc.aws_vpc_ipv4_cidr_block_association.this"
          ],
          "create_before_destroy": true
        },
        {
          "index_key": 1,
          "schema_version": 1,
          "attributes": {
            "arn": "arn:aws:ec2:ap-south-1:433581887735:subnet/subnet-0090b6f567f7cf6cf",
            "assign_ipv6_address_on_creation": false,
            "availability_zone": "ap-south-1b",
            "availability_zone_id": "aps1-az3",
            "cidr_block": "10.0.2.0/24",
            "customer_owned_ipv4_pool": "",
            "id": "subnet-0090b6f567f7cf6cf",
            "ipv6_cidr_block": "",
            "ipv6_cidr_block_association_id": "",
            "map_customer_owned_ip_on_launch": false,
            "map_public_ip_on_launch": false,
            "outpost_arn": "",
            "owner_id": "433581887735",
            "tags": {
              "Managed By": "Terraform",
              "Name": "education-vpc-private-ap-south-1b",
              "environment": "dev",
              "kubernetes.io/cluster/tfone": "shared",
              "kubernetes.io/role/internal-elb": "1",
              "project": "terraform"
            },
            "tags_all": {
              "Managed By": "Terraform",
              "Name": "education-vpc-private-ap-south-1b",
              "environment": "dev",
              "kubernetes.io/cluster/tfone": "shared",
              "kubernetes.io/role/internal-elb": "1",
              "project": "terraform"
            },
            "timeouts": null,
            "vpc_id": "vpc-0359617ca21416380"
          },
          "sensitive_attributes": [],
          "private": "eyJlMmJmYjczMC1lY2FhLTExZTYtOGY4OC0zNDM2M2JjN2M0YzAiOnsiY3JlYXRlIjo2MDAwMDAwMDAwMDAsImRlbGV0ZSI6MTIwMDAwMDAwMDAwMH0sInNjaGVtYV92ZXJzaW9uIjoiMSJ9",
          "dependencies": [
            "data.aws_availability_zones.available",
            "module.vpc.aws_vpc.this",
            "module.vpc.aws_vpc_ipv4_cidr_block_association.this"
          ],
          "create_before_destroy": true
        },
        {
          "index_key": 2,
          "schema_version": 1,
          "attributes": {
            "arn": "arn:aws:ec2:ap-south-1:433581887735:subnet/subnet-0efa1a8862fa1fd4f",
            "assign_ipv6_address_on_creation": false,
            "availability_zone": "ap-south-1c",
            "availability_zone_id": "aps1-az2",
            "cidr_block": "10.0.3.0/24",
            "customer_owned_ipv4_pool": "",
            "id": "subnet-0efa1a8862fa1fd4f",
            "ipv6_cidr_block": "",
            "ipv6_cidr_block_association_id": "",
            "map_customer_owned_ip_on_launch": false,
            "map_public_ip_on_launch": false,
            "outpost_arn": "",
            "owner_id": "433581887735",
            "tags": {
              "Managed By": "Terraform",
              "Name": "education-vpc-private-ap-south-1c",
              "environment": "dev",
              "kubernetes.io/cluster/tfone": "shared",
              "kubernetes.io/role/internal-elb": "1",
              "project": "terraform"
            },
            "tags_all": {
              "Managed By": "Terraform",
              "Name": "education-vpc-private-ap-south-1c",
              "environment": "dev",
              "kubernetes.io/cluster/tfone": "shared",
              "kubernetes.io/role/internal-elb": "1",
              "project": "terraform"
            },
            "timeouts": null,
            "vpc_id": "vpc-0359617ca21416380"
          },
          "sensitive_attributes": [],
          "private": "eyJlMmJmYjczMC1lY2FhLTExZTYtOGY4OC0zNDM2M2JjN2M0YzAiOnsiY3JlYXRlIjo2MDAwMDAwMDAwMDAsImRlbGV0ZSI6MTIwMDAwMDAwMDAwMH0sInNjaGVtYV92ZXJzaW9uIjoiMSJ9",
          "dependencies": [
            "data.aws_availability_zones.available",
            "module.vpc.aws_vpc.this",
            "module.vpc.aws_vpc_ipv4_cidr_block_association.this"
          ],
          "create_before_destroy": true
        }
      ]
    },
    {
      "module": "module.vpc",
      "mode": "managed",
      "type": "aws_subnet",
      "name": "public",
      "provider": "provider[\"registry.terraform.io/hashicorp/aws\"]",
      "instances": [
        {
          "index_key": 0,
          "schema_version": 1,
          "attributes": {
            "arn": "arn:aws:ec2:ap-south-1:433581887735:subnet/subnet-06ed8ede551cb13b5",
            "assign_ipv6_address_on_creation": false,
            "availability_zone": "ap-south-1a",
            "availability_zone_id": "aps1-az1",
            "cidr_block": "10.0.4.0/24",
            "customer_owned_ipv4_pool": "",
            "id": "subnet-06ed8ede551cb13b5",
            "ipv6_cidr_block": "",
            "ipv6_cidr_block_association_id": "",
            "map_customer_owned_ip_on_launch": false,
            "map_public_ip_on_launch": true,
            "outpost_arn": "",
            "owner_id": "433581887735",
            "tags": {
              "Managed By": "Terraform",
              "Name": "education-vpc-public-ap-south-1a",
              "environment": "dev",
              "kubernetes.io/cluster/tfone": "shared",
              "kubernetes.io/role/elb": "1",
              "project": "terraform"
            },
            "tags_all": {
              "Managed By": "Terraform",
              "Name": "education-vpc-public-ap-south-1a",
              "environment": "dev",
              "kubernetes.io/cluster/tfone": "shared",
              "kubernetes.io/role/elb": "1",
              "project": "terraform"
            },
            "timeouts": null,
            "vpc_id": "vpc-0359617ca21416380"
          },
          "sensitive_attributes": [],
          "private": "eyJlMmJmYjczMC1lY2FhLTExZTYtOGY4OC0zNDM2M2JjN2M0YzAiOnsiY3JlYXRlIjo2MDAwMDAwMDAwMDAsImRlbGV0ZSI6MTIwMDAwMDAwMDAwMH0sInNjaGVtYV92ZXJzaW9uIjoiMSJ9",
          "dependencies": [
            "data.aws_availability_zones.available",
            "module.vpc.aws_vpc.this",
            "module.vpc.aws_vpc_ipv4_cidr_block_association.this"
          ]
        },
        {
          "index_key": 1,
          "schema_version": 1,
          "attributes": {
            "arn": "arn:aws:ec2:ap-south-1:433581887735:subnet/subnet-03c5db220cb6b396f",
            "assign_ipv6_address_on_creation": false,
            "availability_zone": "ap-south-1b",
            "availability_zone_id": "aps1-az3",
            "cidr_block": "10.0.5.0/24",
            "customer_owned_ipv4_pool": "",
            "id": "subnet-03c5db220cb6b396f",
            "ipv6_cidr_block": "",
            "ipv6_cidr_block_association_id": "",
            "map_customer_owned_ip_on_launch": false,
            "map_public_ip_on_launch": true,
            "outpost_arn": "",
            "owner_id": "433581887735",
            "tags": {
              "Managed By": "Terraform",
              "Name": "education-vpc-public-ap-south-1b",
              "environment": "dev",
              "kubernetes.io/cluster/tfone": "shared",
              "kubernetes.io/role/elb": "1",
              "project": "terraform"
            },
            "tags_all": {
              "Managed By": "Terraform",
              "Name": "education-vpc-public-ap-south-1b",
              "environment": "dev",
              "kubernetes.io/cluster/tfone": "shared",
              "kubernetes.io/role/elb": "1",
              "project": "terraform"
            },
            "timeouts": null,
            "vpc_id": "vpc-0359617ca21416380"
          },
          "sensitive_attributes": [],
          "private": "eyJlMmJmYjczMC1lY2FhLTExZTYtOGY4OC0zNDM2M2JjN2M0YzAiOnsiY3JlYXRlIjo2MDAwMDAwMDAwMDAsImRlbGV0ZSI6MTIwMDAwMDAwMDAwMH0sInNjaGVtYV92ZXJzaW9uIjoiMSJ9",
          "dependencies": [
            "module.vpc.aws_vpc.this",
            "module.vpc.aws_vpc_ipv4_cidr_block_association.this",
            "data.aws_availability_zones.available"
          ]
        },
        {
          "index_key": 2,
          "schema_version": 1,
          "attributes": {
            "arn": "arn:aws:ec2:ap-south-1:433581887735:subnet/subnet-01a89886e34e837a7",
            "assign_ipv6_address_on_creation": false,
            "availability_zone": "ap-south-1c",
            "availability_zone_id": "aps1-az2",
            "cidr_block": "10.0.6.0/24",
            "customer_owned_ipv4_pool": "",
            "id": "subnet-01a89886e34e837a7",
            "ipv6_cidr_block": "",
            "ipv6_cidr_block_association_id": "",
            "map_customer_owned_ip_on_launch": false,
            "map_public_ip_on_launch": true,
            "outpost_arn": "",
            "owner_id": "433581887735",
            "tags": {
              "Managed By": "Terraform",
              "Name": "education-vpc-public-ap-south-1c",
              "environment": "dev",
              "kubernetes.io/cluster/tfone": "shared",
              "kubernetes.io/role/elb": "1",
              "project": "terraform"
            },
            "tags_all": {
              "Managed By": "Terraform",
              "Name": "education-vpc-public-ap-south-1c",
              "environment": "dev",
              "kubernetes.io/cluster/tfone": "shared",
              "kubernetes.io/role/elb": "1",
              "project": "terraform"
            },
            "timeouts": null,
            "vpc_id": "vpc-0359617ca21416380"
          },
          "sensitive_attributes": [],
          "private": "eyJlMmJmYjczMC1lY2FhLTExZTYtOGY4OC0zNDM2M2JjN2M0YzAiOnsiY3JlYXRlIjo2MDAwMDAwMDAwMDAsImRlbGV0ZSI6MTIwMDAwMDAwMDAwMH0sInNjaGVtYV92ZXJzaW9uIjoiMSJ9",
          "dependencies": [
            "data.aws_availability_zones.available",
            "module.vpc.aws_vpc.this",
            "module.vpc.aws_vpc_ipv4_cidr_block_association.this"
          ]
        }
      ]
    },
    {
      "module": "module.vpc",
      "mode": "managed",
      "type": "aws_vpc",
      "name": "this",
      "provider": "provider[\"registry.terraform.io/hashicorp/aws\"]",
      "instances": [
        {
          "index_key": 0,
          "schema_version": 1,
          "attributes": {
            "arn": "arn:aws:ec2:ap-south-1:433581887735:vpc/vpc-0359617ca21416380",
            "assign_generated_ipv6_cidr_block": false,
            "cidr_block": "10.0.0.0/16",
            "default_network_acl_id": "acl-00ccdcf34c611321e",
            "default_route_table_id": "rtb-062a44f200a85d259",
            "default_security_group_id": "sg-07ee40afbf688d547",
            "dhcp_options_id": "dopt-836199e8",
            "enable_classiclink": null,
            "enable_classiclink_dns_support": null,
            "enable_dns_hostnames": true,
            "enable_dns_support": true,
            "id": "vpc-0359617ca21416380",
            "instance_tenancy": "default",
            "ipv6_association_id": "",
            "ipv6_cidr_block": "",
            "main_route_table_id": "rtb-062a44f200a85d259",
            "owner_id": "433581887735",
            "tags": {
              "Managed By": "Terraform",
              "Name": "education-vpc",
              "environment": "dev",
              "kubernetes.io/cluster/tfone": "shared",
              "project": "terraform"
            },
            "tags_all": {
              "Managed By": "Terraform",
              "Name": "education-vpc",
              "environment": "dev",
              "kubernetes.io/cluster/tfone": "shared",
              "project": "terraform"
            }
          },
          "sensitive_attributes": [],
          "private": "eyJzY2hlbWFfdmVyc2lvbiI6IjEifQ==",
          "create_before_destroy": true
        }
      ]
    }
  ]
}
